// !$*UTF8*$!
{
	archiveVersion = 1;
	classes = {
	};
	objectVersion = 46;
	objects = {

/* Begin PBXBuildFile section */
		0546F00D1A7E2F6900556BD8 /* SPTDataLoaderAuthoriserOAuth.m in Sources */ = {isa = PBXBuildFile; fileRef = 0546F00C1A7E2F6900556BD8 /* SPTDataLoaderAuthoriserOAuth.m */; };
		0546F0101A7E349D00556BD8 /* NSString+OAuthBlob.m in Sources */ = {isa = PBXBuildFile; fileRef = 0546F00F1A7E349D00556BD8 /* NSString+OAuthBlob.m */; };
		0546F0131A7E391D00556BD8 /* PlaylistsViewModel.m in Sources */ = {isa = PBXBuildFile; fileRef = 0546F0121A7E391D00556BD8 /* PlaylistsViewModel.m */; };
		0546F0161A7E393B00556BD8 /* PlaylistsViewController.m in Sources */ = {isa = PBXBuildFile; fileRef = 0546F0151A7E393B00556BD8 /* PlaylistsViewController.m */; };
		055AEE681A16302700A490BF /* main.m in Sources */ = {isa = PBXBuildFile; fileRef = 055AEE671A16302700A490BF /* main.m */; };
		055AEE6B1A16302700A490BF /* AppDelegate.m in Sources */ = {isa = PBXBuildFile; fileRef = 055AEE6A1A16302700A490BF /* AppDelegate.m */; };
		055AEE6E1A16302700A490BF /* ViewController.m in Sources */ = {isa = PBXBuildFile; fileRef = 055AEE6D1A16302700A490BF /* ViewController.m */; };
		055AEE711A16302700A490BF /* Main.storyboard in Resources */ = {isa = PBXBuildFile; fileRef = 055AEE6F1A16302700A490BF /* Main.storyboard */; };
		055AEE731A16302700A490BF /* Images.xcassets in Resources */ = {isa = PBXBuildFile; fileRef = 055AEE721A16302700A490BF /* Images.xcassets */; };
		055AEE761A16302700A490BF /* LaunchScreen.xib in Resources */ = {isa = PBXBuildFile; fileRef = 055AEE741A16302700A490BF /* LaunchScreen.xib */; };
		055AEE821A16302700A490BF /* SPTDataLoaderDemoTests.m in Sources */ = {isa = PBXBuildFile; fileRef = 055AEE811A16302700A490BF /* SPTDataLoaderDemoTests.m */; };
		055AEE941A16304900A490BF /* libSPTDataLoader.a in Frameworks */ = {isa = PBXBuildFile; fileRef = 055AEE911A16304100A490BF /* libSPTDataLoader.a */; };
/* End PBXBuildFile section */

/* Begin PBXContainerItemProxy section */
		055AEE7C1A16302700A490BF /* PBXContainerItemProxy */ = {
			isa = PBXContainerItemProxy;
			containerPortal = 055AEE5A1A16302700A490BF /* Project object */;
			proxyType = 1;
			remoteGlobalIDString = 055AEE611A16302700A490BF;
			remoteInfo = SPTDataLoaderDemo;
		};
		055AEE901A16304100A490BF /* PBXContainerItemProxy */ = {
			isa = PBXContainerItemProxy;
			containerPortal = 055AEE8B1A16304100A490BF /* SPTDataLoader.xcodeproj */;
			proxyType = 2;
			remoteGlobalIDString = 050E068A1A10C62100A10A0E;
			remoteInfo = SPTDataLoader;
		};
		055AEE921A16304100A490BF /* PBXContainerItemProxy */ = {
			isa = PBXContainerItemProxy;
			containerPortal = 055AEE8B1A16304100A490BF /* SPTDataLoader.xcodeproj */;
			proxyType = 2;
			remoteGlobalIDString = 050E06951A10C62100A10A0E;
			remoteInfo = SPTDataLoaderTests;
		};
/* End PBXContainerItemProxy section */

/* Begin PBXFileReference section */
		0546F00B1A7E2F6900556BD8 /* SPTDataLoaderAuthoriserOAuth.h */ = {isa = PBXFileReference; fileEncoding = 4; lastKnownFileType = sourcecode.c.h; path = SPTDataLoaderAuthoriserOAuth.h; sourceTree = "<group>"; };
		0546F00C1A7E2F6900556BD8 /* SPTDataLoaderAuthoriserOAuth.m */ = {isa = PBXFileReference; fileEncoding = 4; lastKnownFileType = sourcecode.c.objc; path = SPTDataLoaderAuthoriserOAuth.m; sourceTree = "<group>"; };
		0546F00E1A7E349D00556BD8 /* NSString+OAuthBlob.h */ = {isa = PBXFileReference; fileEncoding = 4; lastKnownFileType = sourcecode.c.h; path = "NSString+OAuthBlob.h"; sourceTree = "<group>"; };
		0546F00F1A7E349D00556BD8 /* NSString+OAuthBlob.m */ = {isa = PBXFileReference; fileEncoding = 4; lastKnownFileType = sourcecode.c.objc; path = "NSString+OAuthBlob.m"; sourceTree = "<group>"; };
		0546F0111A7E391D00556BD8 /* PlaylistsViewModel.h */ = {isa = PBXFileReference; fileEncoding = 4; lastKnownFileType = sourcecode.c.h; path = PlaylistsViewModel.h; sourceTree = "<group>"; };
		0546F0121A7E391D00556BD8 /* PlaylistsViewModel.m */ = {isa = PBXFileReference; fileEncoding = 4; lastKnownFileType = sourcecode.c.objc; path = PlaylistsViewModel.m; sourceTree = "<group>"; };
		0546F0141A7E393B00556BD8 /* PlaylistsViewController.h */ = {isa = PBXFileReference; fileEncoding = 4; lastKnownFileType = sourcecode.c.h; path = PlaylistsViewController.h; sourceTree = "<group>"; };
		0546F0151A7E393B00556BD8 /* PlaylistsViewController.m */ = {isa = PBXFileReference; fileEncoding = 4; lastKnownFileType = sourcecode.c.objc; path = PlaylistsViewController.m; sourceTree = "<group>"; };
		055AEE621A16302700A490BF /* SPTDataLoaderDemo.app */ = {isa = PBXFileReference; explicitFileType = wrapper.application; includeInIndex = 0; path = SPTDataLoaderDemo.app; sourceTree = BUILT_PRODUCTS_DIR; };
		055AEE661A16302700A490BF /* Info.plist */ = {isa = PBXFileReference; lastKnownFileType = text.plist.xml; path = Info.plist; sourceTree = "<group>"; };
		055AEE671A16302700A490BF /* main.m */ = {isa = PBXFileReference; lastKnownFileType = sourcecode.c.objc; path = main.m; sourceTree = "<group>"; };
		055AEE691A16302700A490BF /* AppDelegate.h */ = {isa = PBXFileReference; lastKnownFileType = sourcecode.c.h; path = AppDelegate.h; sourceTree = "<group>"; };
		055AEE6A1A16302700A490BF /* AppDelegate.m */ = {isa = PBXFileReference; lastKnownFileType = sourcecode.c.objc; path = AppDelegate.m; sourceTree = "<group>"; };
		055AEE6C1A16302700A490BF /* ViewController.h */ = {isa = PBXFileReference; lastKnownFileType = sourcecode.c.h; path = ViewController.h; sourceTree = "<group>"; };
		055AEE6D1A16302700A490BF /* ViewController.m */ = {isa = PBXFileReference; lastKnownFileType = sourcecode.c.objc; path = ViewController.m; sourceTree = "<group>"; };
		055AEE701A16302700A490BF /* Base */ = {isa = PBXFileReference; lastKnownFileType = file.storyboard; name = Base; path = Base.lproj/Main.storyboard; sourceTree = "<group>"; };
		055AEE721A16302700A490BF /* Images.xcassets */ = {isa = PBXFileReference; lastKnownFileType = folder.assetcatalog; path = Images.xcassets; sourceTree = "<group>"; };
		055AEE751A16302700A490BF /* Base */ = {isa = PBXFileReference; lastKnownFileType = file.xib; name = Base; path = Base.lproj/LaunchScreen.xib; sourceTree = "<group>"; };
		055AEE7B1A16302700A490BF /* SPTDataLoaderDemoTests.xctest */ = {isa = PBXFileReference; explicitFileType = wrapper.cfbundle; includeInIndex = 0; path = SPTDataLoaderDemoTests.xctest; sourceTree = BUILT_PRODUCTS_DIR; };
		055AEE801A16302700A490BF /* Info.plist */ = {isa = PBXFileReference; lastKnownFileType = text.plist.xml; path = Info.plist; sourceTree = "<group>"; };
		055AEE811A16302700A490BF /* SPTDataLoaderDemoTests.m */ = {isa = PBXFileReference; lastKnownFileType = sourcecode.c.objc; path = SPTDataLoaderDemoTests.m; sourceTree = "<group>"; };
		055AEE8B1A16304100A490BF /* SPTDataLoader.xcodeproj */ = {isa = PBXFileReference; lastKnownFileType = "wrapper.pb-project"; name = SPTDataLoader.xcodeproj; path = ../../SPTDataLoader.xcodeproj; sourceTree = "<group>"; };
/* End PBXFileReference section */

/* Begin PBXFrameworksBuildPhase section */
		055AEE5F1A16302700A490BF /* Frameworks */ = {
			isa = PBXFrameworksBuildPhase;
			buildActionMask = 2147483647;
			files = (
				055AEE941A16304900A490BF /* libSPTDataLoader.a in Frameworks */,
			);
			runOnlyForDeploymentPostprocessing = 0;
		};
		055AEE781A16302700A490BF /* Frameworks */ = {
			isa = PBXFrameworksBuildPhase;
			buildActionMask = 2147483647;
			files = (
			);
			runOnlyForDeploymentPostprocessing = 0;
		};
/* End PBXFrameworksBuildPhase section */

/* Begin PBXGroup section */
		055AEE591A16302700A490BF = {
			isa = PBXGroup;
			children = (
				055AEE8B1A16304100A490BF /* SPTDataLoader.xcodeproj */,
				055AEE641A16302700A490BF /* SPTDataLoaderDemo */,
				055AEE7E1A16302700A490BF /* SPTDataLoaderDemoTests */,
				055AEE631A16302700A490BF /* Products */,
			);
			sourceTree = "<group>";
		};
		055AEE631A16302700A490BF /* Products */ = {
			isa = PBXGroup;
			children = (
				055AEE621A16302700A490BF /* SPTDataLoaderDemo.app */,
				055AEE7B1A16302700A490BF /* SPTDataLoaderDemoTests.xctest */,
			);
			name = Products;
			sourceTree = "<group>";
		};
		055AEE641A16302700A490BF /* SPTDataLoaderDemo */ = {
			isa = PBXGroup;
			children = (
				055AEE691A16302700A490BF /* AppDelegate.h */,
				055AEE6A1A16302700A490BF /* AppDelegate.m */,
				055AEE6C1A16302700A490BF /* ViewController.h */,
				055AEE6D1A16302700A490BF /* ViewController.m */,
				0546F0111A7E391D00556BD8 /* PlaylistsViewModel.h */,
				0546F0121A7E391D00556BD8 /* PlaylistsViewModel.m */,
				0546F0141A7E393B00556BD8 /* PlaylistsViewController.h */,
				0546F0151A7E393B00556BD8 /* PlaylistsViewController.m */,
				0546F00B1A7E2F6900556BD8 /* SPTDataLoaderAuthoriserOAuth.h */,
				0546F00C1A7E2F6900556BD8 /* SPTDataLoaderAuthoriserOAuth.m */,
				0546F00E1A7E349D00556BD8 /* NSString+OAuthBlob.h */,
				0546F00F1A7E349D00556BD8 /* NSString+OAuthBlob.m */,
				055AEE6F1A16302700A490BF /* Main.storyboard */,
				055AEE721A16302700A490BF /* Images.xcassets */,
				055AEE741A16302700A490BF /* LaunchScreen.xib */,
				055AEE651A16302700A490BF /* Supporting Files */,
			);
			path = SPTDataLoaderDemo;
			sourceTree = "<group>";
		};
		055AEE651A16302700A490BF /* Supporting Files */ = {
			isa = PBXGroup;
			children = (
				055AEE661A16302700A490BF /* Info.plist */,
				055AEE671A16302700A490BF /* main.m */,
			);
			name = "Supporting Files";
			sourceTree = "<group>";
		};
		055AEE7E1A16302700A490BF /* SPTDataLoaderDemoTests */ = {
			isa = PBXGroup;
			children = (
				055AEE811A16302700A490BF /* SPTDataLoaderDemoTests.m */,
				055AEE7F1A16302700A490BF /* Supporting Files */,
			);
			path = SPTDataLoaderDemoTests;
			sourceTree = "<group>";
		};
		055AEE7F1A16302700A490BF /* Supporting Files */ = {
			isa = PBXGroup;
			children = (
				055AEE801A16302700A490BF /* Info.plist */,
			);
			name = "Supporting Files";
			sourceTree = "<group>";
		};
		055AEE8C1A16304100A490BF /* Products */ = {
			isa = PBXGroup;
			children = (
				055AEE911A16304100A490BF /* libSPTDataLoader.a */,
				055AEE931A16304100A490BF /* SPTDataLoaderTests.xctest */,
			);
			name = Products;
			sourceTree = "<group>";
		};
/* End PBXGroup section */

/* Begin PBXNativeTarget section */
		055AEE611A16302700A490BF /* SPTDataLoaderDemo */ = {
			isa = PBXNativeTarget;
			buildConfigurationList = 055AEE851A16302700A490BF /* Build configuration list for PBXNativeTarget "SPTDataLoaderDemo" */;
			buildPhases = (
				055AEE5E1A16302700A490BF /* Sources */,
				055AEE5F1A16302700A490BF /* Frameworks */,
				055AEE601A16302700A490BF /* Resources */,
			);
			buildRules = (
			);
			dependencies = (
			);
			name = SPTDataLoaderDemo;
			productName = SPTDataLoaderDemo;
			productReference = 055AEE621A16302700A490BF /* SPTDataLoaderDemo.app */;
			productType = "com.apple.product-type.application";
		};
		055AEE7A1A16302700A490BF /* SPTDataLoaderDemoTests */ = {
			isa = PBXNativeTarget;
			buildConfigurationList = 055AEE881A16302700A490BF /* Build configuration list for PBXNativeTarget "SPTDataLoaderDemoTests" */;
			buildPhases = (
				055AEE771A16302700A490BF /* Sources */,
				055AEE781A16302700A490BF /* Frameworks */,
				055AEE791A16302700A490BF /* Resources */,
			);
			buildRules = (
			);
			dependencies = (
				055AEE7D1A16302700A490BF /* PBXTargetDependency */,
			);
			name = SPTDataLoaderDemoTests;
			productName = SPTDataLoaderDemoTests;
			productReference = 055AEE7B1A16302700A490BF /* SPTDataLoaderDemoTests.xctest */;
			productType = "com.apple.product-type.bundle.unit-test";
		};
/* End PBXNativeTarget section */

/* Begin PBXProject section */
		055AEE5A1A16302700A490BF /* Project object */ = {
			isa = PBXProject;
			attributes = {
				LastUpgradeCheck = 0620;
				ORGANIZATIONNAME = spotify;
				TargetAttributes = {
					055AEE611A16302700A490BF = {
						CreatedOnToolsVersion = 6.1;
					};
					055AEE7A1A16302700A490BF = {
						CreatedOnToolsVersion = 6.1;
						TestTargetID = 055AEE611A16302700A490BF;
					};
				};
			};
			buildConfigurationList = 055AEE5D1A16302700A490BF /* Build configuration list for PBXProject "SPTDataLoaderDemo" */;
			compatibilityVersion = "Xcode 3.2";
			developmentRegion = English;
			hasScannedForEncodings = 0;
			knownRegions = (
				en,
				Base,
			);
			mainGroup = 055AEE591A16302700A490BF;
			productRefGroup = 055AEE631A16302700A490BF /* Products */;
			projectDirPath = "";
			projectReferences = (
				{
					ProductGroup = 055AEE8C1A16304100A490BF /* Products */;
					ProjectRef = 055AEE8B1A16304100A490BF /* SPTDataLoader.xcodeproj */;
				},
			);
			projectRoot = "";
			targets = (
				055AEE611A16302700A490BF /* SPTDataLoaderDemo */,
				055AEE7A1A16302700A490BF /* SPTDataLoaderDemoTests */,
			);
		};
/* End PBXProject section */

/* Begin PBXReferenceProxy section */
		055AEE911A16304100A490BF /* libSPTDataLoader.a */ = {
			isa = PBXReferenceProxy;
			fileType = archive.ar;
			path = libSPTDataLoader.a;
			remoteRef = 055AEE901A16304100A490BF /* PBXContainerItemProxy */;
			sourceTree = BUILT_PRODUCTS_DIR;
		};
		055AEE931A16304100A490BF /* SPTDataLoaderTests.xctest */ = {
			isa = PBXReferenceProxy;
			fileType = wrapper.cfbundle;
			path = SPTDataLoaderTests.xctest;
			remoteRef = 055AEE921A16304100A490BF /* PBXContainerItemProxy */;
			sourceTree = BUILT_PRODUCTS_DIR;
		};
/* End PBXReferenceProxy section */

/* Begin PBXResourcesBuildPhase section */
		055AEE601A16302700A490BF /* Resources */ = {
			isa = PBXResourcesBuildPhase;
			buildActionMask = 2147483647;
			files = (
				055AEE711A16302700A490BF /* Main.storyboard in Resources */,
				055AEE761A16302700A490BF /* LaunchScreen.xib in Resources */,
				055AEE731A16302700A490BF /* Images.xcassets in Resources */,
			);
			runOnlyForDeploymentPostprocessing = 0;
		};
		055AEE791A16302700A490BF /* Resources */ = {
			isa = PBXResourcesBuildPhase;
			buildActionMask = 2147483647;
			files = (
			);
			runOnlyForDeploymentPostprocessing = 0;
		};
/* End PBXResourcesBuildPhase section */

/* Begin PBXSourcesBuildPhase section */
		055AEE5E1A16302700A490BF /* Sources */ = {
			isa = PBXSourcesBuildPhase;
			buildActionMask = 2147483647;
			files = (
				0546F0131A7E391D00556BD8 /* PlaylistsViewModel.m in Sources */,
				0546F00D1A7E2F6900556BD8 /* SPTDataLoaderAuthoriserOAuth.m in Sources */,
				0546F0161A7E393B00556BD8 /* PlaylistsViewController.m in Sources */,
				055AEE6E1A16302700A490BF /* ViewController.m in Sources */,
				0546F0101A7E349D00556BD8 /* NSString+OAuthBlob.m in Sources */,
				055AEE6B1A16302700A490BF /* AppDelegate.m in Sources */,
				055AEE681A16302700A490BF /* main.m in Sources */,
			);
			runOnlyForDeploymentPostprocessing = 0;
		};
		055AEE771A16302700A490BF /* Sources */ = {
			isa = PBXSourcesBuildPhase;
			buildActionMask = 2147483647;
			files = (
				055AEE821A16302700A490BF /* SPTDataLoaderDemoTests.m in Sources */,
			);
			runOnlyForDeploymentPostprocessing = 0;
		};
/* End PBXSourcesBuildPhase section */

/* Begin PBXTargetDependency section */
		055AEE7D1A16302700A490BF /* PBXTargetDependency */ = {
			isa = PBXTargetDependency;
			target = 055AEE611A16302700A490BF /* SPTDataLoaderDemo */;
			targetProxy = 055AEE7C1A16302700A490BF /* PBXContainerItemProxy */;
		};
/* End PBXTargetDependency section */

/* Begin PBXVariantGroup section */
		055AEE6F1A16302700A490BF /* Main.storyboard */ = {
			isa = PBXVariantGroup;
			children = (
				055AEE701A16302700A490BF /* Base */,
			);
			name = Main.storyboard;
			sourceTree = "<group>";
		};
		055AEE741A16302700A490BF /* LaunchScreen.xib */ = {
			isa = PBXVariantGroup;
			children = (
				055AEE751A16302700A490BF /* Base */,
			);
			name = LaunchScreen.xib;
			sourceTree = "<group>";
		};
/* End PBXVariantGroup section */

/* Begin XCBuildConfiguration section */
		055AEE831A16302700A490BF /* Debug */ = {
			isa = XCBuildConfiguration;
			buildSettings = {
				ALWAYS_SEARCH_USER_PATHS = NO;
				CLANG_CXX_LANGUAGE_STANDARD = "gnu++0x";
				CLANG_CXX_LIBRARY = "libc++";
				CLANG_ENABLE_MODULES = YES;
				CLANG_ENABLE_OBJC_ARC = YES;
				CLANG_WARN_BOOL_CONVERSION = YES;
				CLANG_WARN_CONSTANT_CONVERSION = YES;
				CLANG_WARN_DIRECT_OBJC_ISA_USAGE = YES_ERROR;
				CLANG_WARN_EMPTY_BODY = YES;
				CLANG_WARN_ENUM_CONVERSION = YES;
				CLANG_WARN_INT_CONVERSION = YES;
				CLANG_WARN_OBJC_ROOT_CLASS = YES_ERROR;
				CLANG_WARN_UNREACHABLE_CODE = YES;
				CLANG_WARN__DUPLICATE_METHOD_MATCH = YES;
				"CODE_SIGN_IDENTITY[sdk=iphoneos*]" = "iPhone Developer";
				COPY_PHASE_STRIP = NO;
				ENABLE_STRICT_OBJC_MSGSEND = YES;
				GCC_C_LANGUAGE_STANDARD = gnu99;
				GCC_DYNAMIC_NO_PIC = NO;
				GCC_OPTIMIZATION_LEVEL = 0;
				GCC_PREPROCESSOR_DEFINITIONS = (
					"DEBUG=1",
					"$(inherited)",
				);
				GCC_SYMBOLS_PRIVATE_EXTERN = NO;
				GCC_WARN_64_TO_32_BIT_CONVERSION = YES;
				GCC_WARN_ABOUT_RETURN_TYPE = YES_ERROR;
				GCC_WARN_UNDECLARED_SELECTOR = YES;
				GCC_WARN_UNINITIALIZED_AUTOS = YES_AGGRESSIVE;
				GCC_WARN_UNUSED_FUNCTION = YES;
				GCC_WARN_UNUSED_VARIABLE = YES;
				HEADER_SEARCH_PATHS = (
					"$(inherited)",
					/Applications/Xcode.app/Contents/Developer/Toolchains/XcodeDefault.xctoolchain/usr/include,
					../../include,
				);
				IPHONEOS_DEPLOYMENT_TARGET = 8.1;
				MTL_ENABLE_DEBUG_INFO = YES;
				ONLY_ACTIVE_ARCH = YES;
				SDKROOT = iphoneos;
				TARGETED_DEVICE_FAMILY = "1,2";
			};
			name = Debug;
		};
		055AEE841A16302700A490BF /* Release */ = {
			isa = XCBuildConfiguration;
			buildSettings = {
				ALWAYS_SEARCH_USER_PATHS = NO;
				CLANG_CXX_LANGUAGE_STANDARD = "gnu++0x";
				CLANG_CXX_LIBRARY = "libc++";
				CLANG_ENABLE_MODULES = YES;
				CLANG_ENABLE_OBJC_ARC = YES;
				CLANG_WARN_BOOL_CONVERSION = YES;
				CLANG_WARN_CONSTANT_CONVERSION = YES;
				CLANG_WARN_DIRECT_OBJC_ISA_USAGE = YES_ERROR;
				CLANG_WARN_EMPTY_BODY = YES;
				CLANG_WARN_ENUM_CONVERSION = YES;
				CLANG_WARN_INT_CONVERSION = YES;
				CLANG_WARN_OBJC_ROOT_CLASS = YES_ERROR;
				CLANG_WARN_UNREACHABLE_CODE = YES;
				CLANG_WARN__DUPLICATE_METHOD_MATCH = YES;
				"CODE_SIGN_IDENTITY[sdk=iphoneos*]" = "iPhone Developer";
				COPY_PHASE_STRIP = YES;
				ENABLE_NS_ASSERTIONS = NO;
				ENABLE_STRICT_OBJC_MSGSEND = YES;
				GCC_C_LANGUAGE_STANDARD = gnu99;
				GCC_WARN_64_TO_32_BIT_CONVERSION = YES;
				GCC_WARN_ABOUT_RETURN_TYPE = YES_ERROR;
				GCC_WARN_UNDECLARED_SELECTOR = YES;
				GCC_WARN_UNINITIALIZED_AUTOS = YES_AGGRESSIVE;
				GCC_WARN_UNUSED_FUNCTION = YES;
				GCC_WARN_UNUSED_VARIABLE = YES;
				HEADER_SEARCH_PATHS = (
					"$(inherited)",
					/Applications/Xcode.app/Contents/Developer/Toolchains/XcodeDefault.xctoolchain/usr/include,
					../../include,
				);
				IPHONEOS_DEPLOYMENT_TARGET = 8.1;
				MTL_ENABLE_DEBUG_INFO = NO;
				SDKROOT = iphoneos;
				TARGETED_DEVICE_FAMILY = "1,2";
				VALIDATE_PRODUCT = YES;
			};
			name = Release;
		};
		055AEE861A16302700A490BF /* Debug */ = {
			isa = XCBuildConfiguration;
			buildSettings = {
				ASSETCATALOG_COMPILER_APPICON_NAME = AppIcon;
				INFOPLIST_FILE = SPTDataLoaderDemo/Info.plist;
				LD_RUNPATH_SEARCH_PATHS = "$(inherited) @executable_path/Frameworks";
				PRODUCT_NAME = "$(TARGET_NAME)";
			};
			name = Debug;
		};
		055AEE871A16302700A490BF /* Release */ = {
			isa = XCBuildConfiguration;
			buildSettings = {
				ASSETCATALOG_COMPILER_APPICON_NAME = AppIcon;
				INFOPLIST_FILE = SPTDataLoaderDemo/Info.plist;
				LD_RUNPATH_SEARCH_PATHS = "$(inherited) @executable_path/Frameworks";
				PRODUCT_NAME = "$(TARGET_NAME)";
			};
			name = Release;
		};
		055AEE891A16302700A490BF /* Debug */ = {
			isa = XCBuildConfiguration;
			buildSettings = {
				BUNDLE_LOADER = "$(TEST_HOST)";
				FRAMEWORK_SEARCH_PATHS = (
					"$(SDKROOT)/Developer/Library/Frameworks",
					"$(inherited)",
				);
				GCC_PREPROCESSOR_DEFINITIONS = (
					"DEBUG=1",
					"$(inherited)",
				);
				INFOPLIST_FILE = SPTDataLoaderDemoTests/Info.plist;
				LD_RUNPATH_SEARCH_PATHS = "$(inherited) @executable_path/Frameworks @loader_path/Frameworks";
				PRODUCT_NAME = "$(TARGET_NAME)";
				TEST_HOST = "$(BUILT_PRODUCTS_DIR)/SPTDataLoaderDemo.app/SPTDataLoaderDemo";
			};
			name = Debug;
		};
		055AEE8A1A16302700A490BF /* Release */ = {
			isa = XCBuildConfiguration;
			buildSettings = {
				BUNDLE_LOADER = "$(TEST_HOST)";
				FRAMEWORK_SEARCH_PATHS = (
					"$(SDKROOT)/Developer/Library/Frameworks",
					"$(inherited)",
				);
				INFOPLIST_FILE = SPTDataLoaderDemoTests/Info.plist;
				LD_RUNPATH_SEARCH_PATHS = "$(inherited) @executable_path/Frameworks @loader_path/Frameworks";
				PRODUCT_NAME = "$(TARGET_NAME)";
				TEST_HOST = "$(BUILT_PRODUCTS_DIR)/SPTDataLoaderDemo.app/SPTDataLoaderDemo";
			};
			name = Release;
		};
/* End XCBuildConfiguration section */

/* Begin XCConfigurationList section */
		055AEE5D1A16302700A490BF /* Build configuration list for PBXProject "SPTDataLoaderDemo" */ = {
			isa = XCConfigurationList;
			buildConfigurations = (
				055AEE831A16302700A490BF /* Debug */,
				055AEE841A16302700A490BF /* Release */,
			);
			defaultConfigurationIsVisible = 0;
			defaultConfigurationName = Release;
		};
		055AEE851A16302700A490BF /* Build configuration list for PBXNativeTarget "SPTDataLoaderDemo" */ = {
			isa = XCConfigurationList;
			buildConfigurations = (
				055AEE861A16302700A490BF /* Debug */,
				055AEE871A16302700A490BF /* Release */,
			);
			defaultConfigurationIsVisible = 0;
			defaultConfigurationName = Release;
		};
		055AEE881A16302700A490BF /* Build configuration list for PBXNativeTarget "SPTDataLoaderDemoTests" */ = {
			isa = XCConfigurationList;
			buildConfigurations = (
				055AEE891A16302700A490BF /* Debug */,
				055AEE8A1A16302700A490BF /* Release */,
			);
			defaultConfigurationIsVisible = 0;
			defaultConfigurationName = Release;
		};
/* End XCConfigurationList section */
	};
	rootObject = 055AEE5A1A16302700A490BF /* Project object */;
}
