// !$*UTF8*$!
{
	archiveVersion = 1;
	classes = {
	};
	objectVersion = 46;
	objects = {

/* Begin PBXBuildFile section */
		050E06961A10C62100A10A0E /* libSPTDataLoader.a in Frameworks */ = {isa = PBXBuildFile; fileRef = 050E068A1A10C62100A10A0E /* libSPTDataLoader.a */; };
		F52805582730457100F8E48B /* SPTDataLoader.swift in Sources */ = {isa = PBXBuildFile; fileRef = F528054D2730453C00F8E48B /* SPTDataLoader.swift */; };
		F52805592730457100F8E48B /* ResponseSerializer.swift in Sources */ = {isa = PBXBuildFile; fileRef = F52805542730453C00F8E48B /* ResponseSerializer.swift */; };
		F528055A2730457100F8E48B /* DataLoaderWrapper.swift in Sources */ = {isa = PBXBuildFile; fileRef = F528054F2730453C00F8E48B /* DataLoaderWrapper.swift */; };
		F528055B2730457100F8E48B /* DataLoader.swift in Sources */ = {isa = PBXBuildFile; fileRef = F52805572730453C00F8E48B /* DataLoader.swift */; };
		F528055C2730457100F8E48B /* DataLoaderError.swift in Sources */ = {isa = PBXBuildFile; fileRef = F528054E2730453C00F8E48B /* DataLoaderError.swift */; };
		F528055D2730457100F8E48B /* ResponseDecoder.swift in Sources */ = {isa = PBXBuildFile; fileRef = F52805552730453C00F8E48B /* ResponseDecoder.swift */; };
		F528055E2730457100F8E48B /* Request.swift in Sources */ = {isa = PBXBuildFile; fileRef = F52805562730453C00F8E48B /* Request.swift */; };
		F528055F2730457100F8E48B /* Response.swift in Sources */ = {isa = PBXBuildFile; fileRef = F52805532730453C00F8E48B /* Response.swift */; };
		F52805602730457500F8E48B /* Result+Convenience.swift in Sources */ = {isa = PBXBuildFile; fileRef = F52805522730453C00F8E48B /* Result+Convenience.swift */; };
		F52805612730457500F8E48B /* AccessLock.swift in Sources */ = {isa = PBXBuildFile; fileRef = F52805512730453C00F8E48B /* AccessLock.swift */; };
		F52805622730457C00F8E48B /* StubbedNetwork.swift in Sources */ = {isa = PBXBuildFile; fileRef = F52805452730453C00F8E48B /* StubbedNetwork.swift */; };
		F52805632730457C00F8E48B /* FakeDataLoaderResponse.swift in Sources */ = {isa = PBXBuildFile; fileRef = F52805442730453C00F8E48B /* FakeDataLoaderResponse.swift */; };
		F52805642730457F00F8E48B /* DataLoaderWrapperTest.swift in Sources */ = {isa = PBXBuildFile; fileRef = F528054B2730453C00F8E48B /* DataLoaderWrapperTest.swift */; };
		F52805652730457F00F8E48B /* DataResponseSerializerTest.swift in Sources */ = {isa = PBXBuildFile; fileRef = F52805462730453C00F8E48B /* DataResponseSerializerTest.swift */; };
		F52805662730457F00F8E48B /* DecodableResponseSerializerTest.swift in Sources */ = {isa = PBXBuildFile; fileRef = F52805482730453C00F8E48B /* DecodableResponseSerializerTest.swift */; };
		F52805672730458600F8E48B /* RequestTest.swift in Sources */ = {isa = PBXBuildFile; fileRef = F52805422730453C00F8E48B /* RequestTest.swift */; };
		F52805682730458600F8E48B /* ResponseTest.swift in Sources */ = {isa = PBXBuildFile; fileRef = F52805492730453C00F8E48B /* ResponseTest.swift */; };
		F52805692730458600F8E48B /* SPTDataLoaderFactoryConvenienceTest.swift in Sources */ = {isa = PBXBuildFile; fileRef = F52805412730453C00F8E48B /* SPTDataLoaderFactoryConvenienceTest.swift */; };
		F528056A2730458600F8E48B /* JSONResponseSerializerTest.swift in Sources */ = {isa = PBXBuildFile; fileRef = F52805472730453C00F8E48B /* JSONResponseSerializerTest.swift */; };
		F528056B27304E8C00F8E48B /* NSDictionary+HeaderSize.m in Sources */ = {isa = PBXBuildFile; fileRef = F528053C2730448500F8E48B /* NSDictionary+HeaderSize.m */; };
		F528056C27304E8C00F8E48B /* SPTDataLoader.m in Sources */ = {isa = PBXBuildFile; fileRef = F52805382730448500F8E48B /* SPTDataLoader.m */; };
		F528056D27304E8C00F8E48B /* SPTDataLoaderBlockWrapper.m in Sources */ = {isa = PBXBuildFile; fileRef = F52805282730448500F8E48B /* SPTDataLoaderBlockWrapper.m */; };
		F528056E27304E8C00F8E48B /* SPTDataLoaderCancellationTokenFactoryImplementation.m in Sources */ = {isa = PBXBuildFile; fileRef = F528053D2730448500F8E48B /* SPTDataLoaderCancellationTokenFactoryImplementation.m */; };
		F528056F27304E8C00F8E48B /* SPTDataLoaderCancellationTokenImplementation.m in Sources */ = {isa = PBXBuildFile; fileRef = F528051C2730448500F8E48B /* SPTDataLoaderCancellationTokenImplementation.m */; };
		F528057027304E8C00F8E48B /* SPTDataLoaderExponentialTimer.m in Sources */ = {isa = PBXBuildFile; fileRef = F52805312730448500F8E48B /* SPTDataLoaderExponentialTimer.m */; };
		F528057127304E8C00F8E48B /* SPTDataLoaderFactory.m in Sources */ = {isa = PBXBuildFile; fileRef = F528051E2730448500F8E48B /* SPTDataLoaderFactory.m */; };
		F528057227304E8C00F8E48B /* SPTDataLoaderRateLimiter.m in Sources */ = {isa = PBXBuildFile; fileRef = F52805242730448500F8E48B /* SPTDataLoaderRateLimiter.m */; };
		F528057327304E8C00F8E48B /* SPTDataLoaderRequest.m in Sources */ = {isa = PBXBuildFile; fileRef = F52805252730448500F8E48B /* SPTDataLoaderRequest.m */; };
		F528057427304E8C00F8E48B /* SPTDataLoaderRequestTaskHandler.m in Sources */ = {isa = PBXBuildFile; fileRef = F528052D2730448500F8E48B /* SPTDataLoaderRequestTaskHandler.m */; };
		F528057527304E8C00F8E48B /* SPTDataLoaderResolver.m in Sources */ = {isa = PBXBuildFile; fileRef = F528051F2730448500F8E48B /* SPTDataLoaderResolver.m */; };
		F528057627304E8C00F8E48B /* SPTDataLoaderResolverAddress.m in Sources */ = {isa = PBXBuildFile; fileRef = F52805222730448500F8E48B /* SPTDataLoaderResolverAddress.m */; };
		F528057727304E8C00F8E48B /* SPTDataLoaderResponse.m in Sources */ = {isa = PBXBuildFile; fileRef = F528052E2730448500F8E48B /* SPTDataLoaderResponse.m */; };
		F528057827304E8C00F8E48B /* SPTDataLoaderServerTrustPolicy.m in Sources */ = {isa = PBXBuildFile; fileRef = F528052C2730448500F8E48B /* SPTDataLoaderServerTrustPolicy.m */; };
		F528057927304E8C00F8E48B /* SPTDataLoaderService.m in Sources */ = {isa = PBXBuildFile; fileRef = F52805372730448500F8E48B /* SPTDataLoaderService.m */; };
		F528057A27304E8C00F8E48B /* SPTDataLoaderServiceSessionSelector.m in Sources */ = {isa = PBXBuildFile; fileRef = F528053B2730448500F8E48B /* SPTDataLoaderServiceSessionSelector.m */; };
		F528057B27304E8C00F8E48B /* SPTDataLoaderTimeProviderImplementation.m in Sources */ = {isa = PBXBuildFile; fileRef = F52805262730448500F8E48B /* SPTDataLoaderTimeProviderImplementation.m */; };
		F528057C2730573B00F8E48B /* NSDataMock.m in Sources */ = {isa = PBXBuildFile; fileRef = F52804EE2730448500F8E48B /* NSDataMock.m */; };
		F528057D2730573B00F8E48B /* SPTDataLoaderRequestResponseHandlerMock.m in Sources */ = {isa = PBXBuildFile; fileRef = F52804F42730448500F8E48B /* SPTDataLoaderRequestResponseHandlerMock.m */; };
		F528057E2730573B00F8E48B /* NSURLSessionTaskMock.m in Sources */ = {isa = PBXBuildFile; fileRef = F52804F52730448500F8E48B /* NSURLSessionTaskMock.m */; };
		F528057F2730573B00F8E48B /* SPTDataLoaderRequestResponseHandlerDelegateMock.m in Sources */ = {isa = PBXBuildFile; fileRef = F52804F72730448500F8E48B /* SPTDataLoaderRequestResponseHandlerDelegateMock.m */; };
		F52805802730573B00F8E48B /* NSURLAuthenticationChallengeMock.m in Sources */ = {isa = PBXBuildFile; fileRef = F52805002730448500F8E48B /* NSURLAuthenticationChallengeMock.m */; };
		F52805812730573B00F8E48B /* NSURLSessionDownloadTaskMock.m in Sources */ = {isa = PBXBuildFile; fileRef = F52805032730448500F8E48B /* NSURLSessionDownloadTaskMock.m */; };
		F52805822730573B00F8E48B /* NSURLSessionMock.m in Sources */ = {isa = PBXBuildFile; fileRef = F52805042730448500F8E48B /* NSURLSessionMock.m */; };
		F52805832730573B00F8E48B /* NSFileManagerMock.m in Sources */ = {isa = PBXBuildFile; fileRef = F52805052730448500F8E48B /* NSFileManagerMock.m */; };
		F52805842730573B00F8E48B /* SPTDataLoaderDelegateMock.m in Sources */ = {isa = PBXBuildFile; fileRef = F52805062730448500F8E48B /* SPTDataLoaderDelegateMock.m */; };
		F52805852730573B00F8E48B /* SPTDataLoaderServiceSessionSelectorMock.m in Sources */ = {isa = PBXBuildFile; fileRef = F52805072730448500F8E48B /* SPTDataLoaderServiceSessionSelectorMock.m */; };
		F52805862730573B00F8E48B /* SPTDataLoaderConsumptionObserverMock.m in Sources */ = {isa = PBXBuildFile; fileRef = F52805082730448500F8E48B /* SPTDataLoaderConsumptionObserverMock.m */; };
		F52805872730573B00F8E48B /* SPTDataLoaderTimeProviderMock.m in Sources */ = {isa = PBXBuildFile; fileRef = F52805092730448500F8E48B /* SPTDataLoaderTimeProviderMock.m */; };
		F52805882730573B00F8E48B /* SPTDataLoaderCancellationTokenDelegateMock.m in Sources */ = {isa = PBXBuildFile; fileRef = F528050A2730448500F8E48B /* SPTDataLoaderCancellationTokenDelegateMock.m */; };
		F52805892730573B00F8E48B /* SPTDataLoaderServerTrustPolicyMock.m in Sources */ = {isa = PBXBuildFile; fileRef = F528050C2730448500F8E48B /* SPTDataLoaderServerTrustPolicyMock.m */; };
		F528058A2730573B00F8E48B /* NSBundleMock.m in Sources */ = {isa = PBXBuildFile; fileRef = F528050D2730448500F8E48B /* NSBundleMock.m */; };
		F528058B2730573B00F8E48B /* SPTDataLoaderAuthoriserMock.m in Sources */ = {isa = PBXBuildFile; fileRef = F528050E2730448500F8E48B /* SPTDataLoaderAuthoriserMock.m */; };
		F528058C2730573B00F8E48B /* SPTDataLoaderCancellationTokenFactoryMock.m in Sources */ = {isa = PBXBuildFile; fileRef = F528050F2730448500F8E48B /* SPTDataLoaderCancellationTokenFactoryMock.m */; };
		F528058D2730573B00F8E48B /* NSURLSessionDataTaskMock.m in Sources */ = {isa = PBXBuildFile; fileRef = F52805102730448500F8E48B /* NSURLSessionDataTaskMock.m */; };
		F528058E2730573B00F8E48B /* NSDictionaryHeaderSizeTest.m in Sources */ = {isa = PBXBuildFile; fileRef = F52804E92730448500F8E48B /* NSDictionaryHeaderSizeTest.m */; };
		F528058F2730573B00F8E48B /* SPTDataLoaderBlockWrapperTest.m in Sources */ = {isa = PBXBuildFile; fileRef = F52805162730448500F8E48B /* SPTDataLoaderBlockWrapperTest.m */; };
		F52805902730573B00F8E48B /* SPTDataLoaderCancellationTokenFactoryImplementationTest.m in Sources */ = {isa = PBXBuildFile; fileRef = F52805122730448500F8E48B /* SPTDataLoaderCancellationTokenFactoryImplementationTest.m */; };
		F52805912730573B00F8E48B /* SPTDataLoaderCancellationTokenImplementationTest.m in Sources */ = {isa = PBXBuildFile; fileRef = F528051A2730448500F8E48B /* SPTDataLoaderCancellationTokenImplementationTest.m */; };
		F52805922730573B00F8E48B /* SPTDataLoaderExponentialTimerTest.m in Sources */ = {isa = PBXBuildFile; fileRef = F52805132730448500F8E48B /* SPTDataLoaderExponentialTimerTest.m */; };
		F52805932730573B00F8E48B /* SPTDataLoaderFactoryTest.m in Sources */ = {isa = PBXBuildFile; fileRef = F52805172730448500F8E48B /* SPTDataLoaderFactoryTest.m */; };
		F52805942730573B00F8E48B /* SPTDataLoaderRateLimiterTest.m in Sources */ = {isa = PBXBuildFile; fileRef = F52805152730448500F8E48B /* SPTDataLoaderRateLimiterTest.m */; };
		F52805952730573B00F8E48B /* SPTDataLoaderRequestTaskHandlerTest.m in Sources */ = {isa = PBXBuildFile; fileRef = F52804EB2730448500F8E48B /* SPTDataLoaderRequestTaskHandlerTest.m */; };
		F52805962730573B00F8E48B /* SPTDataLoaderRequestTest.m in Sources */ = {isa = PBXBuildFile; fileRef = F52804EA2730448500F8E48B /* SPTDataLoaderRequestTest.m */; };
		F52805972730573B00F8E48B /* SPTDataLoaderResolverAddressTest.m in Sources */ = {isa = PBXBuildFile; fileRef = F52804E22730448500F8E48B /* SPTDataLoaderResolverAddressTest.m */; };
		F52805982730573B00F8E48B /* SPTDataLoaderResolverTest.m in Sources */ = {isa = PBXBuildFile; fileRef = F52805112730448500F8E48B /* SPTDataLoaderResolverTest.m */; };
		F52805992730573B00F8E48B /* SPTDataLoaderResponseTest.m in Sources */ = {isa = PBXBuildFile; fileRef = F52804E42730448500F8E48B /* SPTDataLoaderResponseTest.m */; };
		F528059A2730573B00F8E48B /* SPTDataLoaderServerTrustPolicyTest.m in Sources */ = {isa = PBXBuildFile; fileRef = F52805192730448500F8E48B /* SPTDataLoaderServerTrustPolicyTest.m */; };
		F528059B2730573B00F8E48B /* SPTDataLoaderServiceTest.m in Sources */ = {isa = PBXBuildFile; fileRef = F52804E32730448500F8E48B /* SPTDataLoaderServiceTest.m */; };
		F528059C2730573B00F8E48B /* SPTDataLoaderTest.m in Sources */ = {isa = PBXBuildFile; fileRef = F52805142730448500F8E48B /* SPTDataLoaderTest.m */; };
		F528059D2730573B00F8E48B /* SPTDataLoaderTimeProviderImplementationTest.m in Sources */ = {isa = PBXBuildFile; fileRef = F52804E52730448500F8E48B /* SPTDataLoaderTimeProviderImplementationTest.m */; };
		F528059F273058AB00F8E48B /* certs-google.bundle in Resources */ = {isa = PBXBuildFile; fileRef = F52804E72730448500F8E48B /* certs-google.bundle */; };
		F52805A0273058AB00F8E48B /* certs-spotify.bundle in Resources */ = {isa = PBXBuildFile; fileRef = F52804E82730448500F8E48B /* certs-spotify.bundle */; };
		F52805A3273064E600F8E48B /* module.modulemap in CopyFiles */ = {isa = PBXBuildFile; fileRef = F52804D02730448500F8E48B /* module.modulemap */; };
		F52805C52730688A00F8E48B /* SPTDataLoader.h in CopyFiles */ = {isa = PBXBuildFile; fileRef = F52804D62730448500F8E48B /* SPTDataLoader.h */; };
		F52805C62730688A00F8E48B /* SPTDataLoaderAuthoriser.h in CopyFiles */ = {isa = PBXBuildFile; fileRef = F52804DD2730448500F8E48B /* SPTDataLoaderAuthoriser.h */; };
		F52805C72730688A00F8E48B /* SPTDataLoaderBlockWrapper.h in CopyFiles */ = {isa = PBXBuildFile; fileRef = F52804E02730448500F8E48B /* SPTDataLoaderBlockWrapper.h */; };
		F52805C82730688A00F8E48B /* SPTDataLoaderCancellationToken.h in CopyFiles */ = {isa = PBXBuildFile; fileRef = F52804D92730448500F8E48B /* SPTDataLoaderCancellationToken.h */; };
		F52805C92730688A00F8E48B /* SPTDataLoaderConsumptionObserver.h in CopyFiles */ = {isa = PBXBuildFile; fileRef = F52804DC2730448500F8E48B /* SPTDataLoaderConsumptionObserver.h */; };
		F52805CA2730688A00F8E48B /* SPTDataLoaderDelegate.h in CopyFiles */ = {isa = PBXBuildFile; fileRef = F52804D42730448500F8E48B /* SPTDataLoaderDelegate.h */; };
		F52805CB2730688A00F8E48B /* SPTDataLoaderExponentialTimer.h in CopyFiles */ = {isa = PBXBuildFile; fileRef = F52804D52730448500F8E48B /* SPTDataLoaderExponentialTimer.h */; };
		F52805CC2730688A00F8E48B /* SPTDataLoaderFactory.h in CopyFiles */ = {isa = PBXBuildFile; fileRef = F52804DA2730448500F8E48B /* SPTDataLoaderFactory.h */; };
		F52805CD2730688A00F8E48B /* SPTDataLoaderImplementation.h in CopyFiles */ = {isa = PBXBuildFile; fileRef = F52804D82730448500F8E48B /* SPTDataLoaderImplementation.h */; };
		F52805CE2730688A00F8E48B /* SPTDataLoaderRateLimiter.h in CopyFiles */ = {isa = PBXBuildFile; fileRef = F52804DF2730448500F8E48B /* SPTDataLoaderRateLimiter.h */; };
		F52805CF2730688A00F8E48B /* SPTDataLoaderRequest.h in CopyFiles */ = {isa = PBXBuildFile; fileRef = F52804DE2730448500F8E48B /* SPTDataLoaderRequest.h */; };
		F52805D02730688A00F8E48B /* SPTDataLoaderResolver.h in CopyFiles */ = {isa = PBXBuildFile; fileRef = F52804DB2730448500F8E48B /* SPTDataLoaderResolver.h */; };
		F52805D12730688A00F8E48B /* SPTDataLoaderResponse.h in CopyFiles */ = {isa = PBXBuildFile; fileRef = F52804D22730448500F8E48B /* SPTDataLoaderResponse.h */; };
		F52805D22730688A00F8E48B /* SPTDataLoaderServerTrustPolicy.h in CopyFiles */ = {isa = PBXBuildFile; fileRef = F52804D32730448500F8E48B /* SPTDataLoaderServerTrustPolicy.h */; };
		F52805D32730688A00F8E48B /* SPTDataLoaderService.h in CopyFiles */ = {isa = PBXBuildFile; fileRef = F52804D72730448500F8E48B /* SPTDataLoaderService.h */; };
		F5B640AD250064E4004B9B83 /* libSPTDataLoaderSwift.a in Frameworks */ = {isa = PBXBuildFile; fileRef = F5B64096250060D1004B9B83 /* libSPTDataLoaderSwift.a */; };
		F5F63DD925314F57000A07D1 /* libSPTDataLoader.a in Frameworks */ = {isa = PBXBuildFile; fileRef = 050E068A1A10C62100A10A0E /* libSPTDataLoader.a */; };
		F7346A311CC2CD3F00B8AB41 /* Security.framework in Frameworks */ = {isa = PBXBuildFile; fileRef = F7346A281CC2C67700B8AB41 /* Security.framework */; };
/* End PBXBuildFile section */

/* Begin PBXContainerItemProxy section */
		050E06971A10C62100A10A0E /* PBXContainerItemProxy */ = {
			isa = PBXContainerItemProxy;
			containerPortal = 050E06821A10C62100A10A0E /* Project object */;
			proxyType = 1;
			remoteGlobalIDString = 050E06891A10C62100A10A0E;
			remoteInfo = SPTDataLoader;
		};
		F5B640A92500639A004B9B83 /* PBXContainerItemProxy */ = {
			isa = PBXContainerItemProxy;
			containerPortal = 050E06821A10C62100A10A0E /* Project object */;
			proxyType = 1;
			remoteGlobalIDString = 050E06891A10C62100A10A0E;
			remoteInfo = SPTDataLoader;
		};
		F5B640AB250064CE004B9B83 /* PBXContainerItemProxy */ = {
			isa = PBXContainerItemProxy;
			containerPortal = 050E06821A10C62100A10A0E /* Project object */;
			proxyType = 1;
			remoteGlobalIDString = F5B64095250060D1004B9B83;
			remoteInfo = SPTDataLoaderSwift;
		};
		F5F63DD725314F54000A07D1 /* PBXContainerItemProxy */ = {
			isa = PBXContainerItemProxy;
			containerPortal = 050E06821A10C62100A10A0E /* Project object */;
			proxyType = 1;
			remoteGlobalIDString = 050E06891A10C62100A10A0E;
			remoteInfo = SPTDataLoader;
		};
/* End PBXContainerItemProxy section */

/* Begin PBXCopyFilesBuildPhase section */
		F52805A2273064B400F8E48B /* CopyFiles */ = {
			isa = PBXCopyFilesBuildPhase;
			buildActionMask = 2147483647;
			dstPath = include;
			dstSubfolderSpec = 16;
			files = (
				F52805A3273064E600F8E48B /* module.modulemap in CopyFiles */,
			);
			runOnlyForDeploymentPostprocessing = 0;
		};
		F52805C42730687800F8E48B /* CopyFiles */ = {
			isa = PBXCopyFilesBuildPhase;
			buildActionMask = 2147483647;
			dstPath = "include/$(PRODUCT_NAME)";
			dstSubfolderSpec = 16;
			files = (
				F52805C52730688A00F8E48B /* SPTDataLoader.h in CopyFiles */,
				F52805C62730688A00F8E48B /* SPTDataLoaderAuthoriser.h in CopyFiles */,
				F52805C72730688A00F8E48B /* SPTDataLoaderBlockWrapper.h in CopyFiles */,
				F52805C82730688A00F8E48B /* SPTDataLoaderCancellationToken.h in CopyFiles */,
				F52805C92730688A00F8E48B /* SPTDataLoaderConsumptionObserver.h in CopyFiles */,
				F52805CA2730688A00F8E48B /* SPTDataLoaderDelegate.h in CopyFiles */,
				F52805CB2730688A00F8E48B /* SPTDataLoaderExponentialTimer.h in CopyFiles */,
				F52805CC2730688A00F8E48B /* SPTDataLoaderFactory.h in CopyFiles */,
				F52805CD2730688A00F8E48B /* SPTDataLoaderImplementation.h in CopyFiles */,
				F52805CE2730688A00F8E48B /* SPTDataLoaderRateLimiter.h in CopyFiles */,
				F52805CF2730688A00F8E48B /* SPTDataLoaderRequest.h in CopyFiles */,
				F52805D02730688A00F8E48B /* SPTDataLoaderResolver.h in CopyFiles */,
				F52805D12730688A00F8E48B /* SPTDataLoaderResponse.h in CopyFiles */,
				F52805D22730688A00F8E48B /* SPTDataLoaderServerTrustPolicy.h in CopyFiles */,
				F52805D32730688A00F8E48B /* SPTDataLoaderService.h in CopyFiles */,
			);
			runOnlyForDeploymentPostprocessing = 0;
		};
/* End PBXCopyFilesBuildPhase section */

/* Begin PBXFileReference section */
		050C30F71C56E5830044DFBE /* project.xcconfig */ = {isa = PBXFileReference; fileEncoding = 4; lastKnownFileType = text.xcconfig; path = project.xcconfig; sourceTree = "<group>"; };
		050E068A1A10C62100A10A0E /* libSPTDataLoader.a */ = {isa = PBXFileReference; explicitFileType = archive.ar; includeInIndex = 0; path = libSPTDataLoader.a; sourceTree = BUILT_PRODUCTS_DIR; };
		050E06951A10C62100A10A0E /* SPTDataLoaderTests.xctest */ = {isa = PBXFileReference; explicitFileType = wrapper.cfbundle; includeInIndex = 0; path = SPTDataLoaderTests.xctest; sourceTree = BUILT_PRODUCTS_DIR; };
		056A04BB1A13D2BD00FA72AD /* README.md */ = {isa = PBXFileReference; fileEncoding = 4; lastKnownFileType = net.daringfireball.markdown; path = README.md; sourceTree = "<group>"; };
		057AFD5C1C72143F00350C9F /* CHANGELOG.md */ = {isa = PBXFileReference; lastKnownFileType = net.daringfireball.markdown; path = CHANGELOG.md; sourceTree = "<group>"; };
		057AFD5D1C7222CE00350C9F /* SPTDataLoader.podspec */ = {isa = PBXFileReference; lastKnownFileType = text; path = SPTDataLoader.podspec; sourceTree = "<group>"; };
		05C602FC1CCBBC5E00143BA4 /* spotify_os.xcconfig */ = {isa = PBXFileReference; lastKnownFileType = text.xcconfig; name = spotify_os.xcconfig; path = ci/spotify_os.xcconfig; sourceTree = "<group>"; };
		F52804D02730448500F8E48B /* module.modulemap */ = {isa = PBXFileReference; lastKnownFileType = "sourcecode.module-map"; path = module.modulemap; sourceTree = "<group>"; };
		F52804D22730448500F8E48B /* SPTDataLoaderResponse.h */ = {isa = PBXFileReference; lastKnownFileType = sourcecode.c.h; path = SPTDataLoaderResponse.h; sourceTree = "<group>"; };
		F52804D32730448500F8E48B /* SPTDataLoaderServerTrustPolicy.h */ = {isa = PBXFileReference; lastKnownFileType = sourcecode.c.h; path = SPTDataLoaderServerTrustPolicy.h; sourceTree = "<group>"; };
		F52804D42730448500F8E48B /* SPTDataLoaderDelegate.h */ = {isa = PBXFileReference; lastKnownFileType = sourcecode.c.h; path = SPTDataLoaderDelegate.h; sourceTree = "<group>"; };
		F52804D52730448500F8E48B /* SPTDataLoaderExponentialTimer.h */ = {isa = PBXFileReference; lastKnownFileType = sourcecode.c.h; path = SPTDataLoaderExponentialTimer.h; sourceTree = "<group>"; };
		F52804D62730448500F8E48B /* SPTDataLoader.h */ = {isa = PBXFileReference; lastKnownFileType = sourcecode.c.h; path = SPTDataLoader.h; sourceTree = "<group>"; };
		F52804D72730448500F8E48B /* SPTDataLoaderService.h */ = {isa = PBXFileReference; lastKnownFileType = sourcecode.c.h; path = SPTDataLoaderService.h; sourceTree = "<group>"; };
		F52804D82730448500F8E48B /* SPTDataLoaderImplementation.h */ = {isa = PBXFileReference; lastKnownFileType = sourcecode.c.h; path = SPTDataLoaderImplementation.h; sourceTree = "<group>"; };
		F52804D92730448500F8E48B /* SPTDataLoaderCancellationToken.h */ = {isa = PBXFileReference; lastKnownFileType = sourcecode.c.h; path = SPTDataLoaderCancellationToken.h; sourceTree = "<group>"; };
		F52804DA2730448500F8E48B /* SPTDataLoaderFactory.h */ = {isa = PBXFileReference; lastKnownFileType = sourcecode.c.h; path = SPTDataLoaderFactory.h; sourceTree = "<group>"; };
		F52804DB2730448500F8E48B /* SPTDataLoaderResolver.h */ = {isa = PBXFileReference; lastKnownFileType = sourcecode.c.h; path = SPTDataLoaderResolver.h; sourceTree = "<group>"; };
		F52804DC2730448500F8E48B /* SPTDataLoaderConsumptionObserver.h */ = {isa = PBXFileReference; lastKnownFileType = sourcecode.c.h; path = SPTDataLoaderConsumptionObserver.h; sourceTree = "<group>"; };
		F52804DD2730448500F8E48B /* SPTDataLoaderAuthoriser.h */ = {isa = PBXFileReference; lastKnownFileType = sourcecode.c.h; path = SPTDataLoaderAuthoriser.h; sourceTree = "<group>"; };
		F52804DE2730448500F8E48B /* SPTDataLoaderRequest.h */ = {isa = PBXFileReference; lastKnownFileType = sourcecode.c.h; path = SPTDataLoaderRequest.h; sourceTree = "<group>"; };
		F52804DF2730448500F8E48B /* SPTDataLoaderRateLimiter.h */ = {isa = PBXFileReference; lastKnownFileType = sourcecode.c.h; path = SPTDataLoaderRateLimiter.h; sourceTree = "<group>"; };
		F52804E02730448500F8E48B /* SPTDataLoaderBlockWrapper.h */ = {isa = PBXFileReference; lastKnownFileType = sourcecode.c.h; path = SPTDataLoaderBlockWrapper.h; sourceTree = "<group>"; };
		F52804E22730448500F8E48B /* SPTDataLoaderResolverAddressTest.m */ = {isa = PBXFileReference; lastKnownFileType = sourcecode.c.objc; path = SPTDataLoaderResolverAddressTest.m; sourceTree = "<group>"; };
		F52804E32730448500F8E48B /* SPTDataLoaderServiceTest.m */ = {isa = PBXFileReference; lastKnownFileType = sourcecode.c.objc; path = SPTDataLoaderServiceTest.m; sourceTree = "<group>"; };
		F52804E42730448500F8E48B /* SPTDataLoaderResponseTest.m */ = {isa = PBXFileReference; lastKnownFileType = sourcecode.c.objc; path = SPTDataLoaderResponseTest.m; sourceTree = "<group>"; };
		F52804E52730448500F8E48B /* SPTDataLoaderTimeProviderImplementationTest.m */ = {isa = PBXFileReference; lastKnownFileType = sourcecode.c.objc; path = SPTDataLoaderTimeProviderImplementationTest.m; sourceTree = "<group>"; };
		F52804E72730448500F8E48B /* certs-google.bundle */ = {isa = PBXFileReference; lastKnownFileType = "wrapper.plug-in"; path = "certs-google.bundle"; sourceTree = "<group>"; };
		F52804E82730448500F8E48B /* certs-spotify.bundle */ = {isa = PBXFileReference; lastKnownFileType = "wrapper.plug-in"; path = "certs-spotify.bundle"; sourceTree = "<group>"; };
		F52804E92730448500F8E48B /* NSDictionaryHeaderSizeTest.m */ = {isa = PBXFileReference; lastKnownFileType = sourcecode.c.objc; path = NSDictionaryHeaderSizeTest.m; sourceTree = "<group>"; };
		F52804EA2730448500F8E48B /* SPTDataLoaderRequestTest.m */ = {isa = PBXFileReference; lastKnownFileType = sourcecode.c.objc; path = SPTDataLoaderRequestTest.m; sourceTree = "<group>"; };
		F52804EB2730448500F8E48B /* SPTDataLoaderRequestTaskHandlerTest.m */ = {isa = PBXFileReference; lastKnownFileType = sourcecode.c.objc; path = SPTDataLoaderRequestTaskHandlerTest.m; sourceTree = "<group>"; };
		F52804ED2730448500F8E48B /* NSURLAuthenticationChallengeMock.h */ = {isa = PBXFileReference; lastKnownFileType = sourcecode.c.h; path = NSURLAuthenticationChallengeMock.h; sourceTree = "<group>"; };
		F52804EE2730448500F8E48B /* NSDataMock.m */ = {isa = PBXFileReference; lastKnownFileType = sourcecode.c.objc; path = NSDataMock.m; sourceTree = "<group>"; };
		F52804EF2730448500F8E48B /* SPTDataLoaderServiceSessionSelectorMock.h */ = {isa = PBXFileReference; lastKnownFileType = sourcecode.c.h; path = SPTDataLoaderServiceSessionSelectorMock.h; sourceTree = "<group>"; };
		F52804F02730448500F8E48B /* SPTDataLoaderDelegateMock.h */ = {isa = PBXFileReference; lastKnownFileType = sourcecode.c.h; path = SPTDataLoaderDelegateMock.h; sourceTree = "<group>"; };
		F52804F12730448500F8E48B /* NSFileManagerMock.h */ = {isa = PBXFileReference; lastKnownFileType = sourcecode.c.h; path = NSFileManagerMock.h; sourceTree = "<group>"; };
		F52804F22730448500F8E48B /* NSURLSessionMock.h */ = {isa = PBXFileReference; lastKnownFileType = sourcecode.c.h; path = NSURLSessionMock.h; sourceTree = "<group>"; };
		F52804F32730448500F8E48B /* NSURLSessionDownloadTaskMock.h */ = {isa = PBXFileReference; lastKnownFileType = sourcecode.c.h; path = NSURLSessionDownloadTaskMock.h; sourceTree = "<group>"; };
		F52804F42730448500F8E48B /* SPTDataLoaderRequestResponseHandlerMock.m */ = {isa = PBXFileReference; lastKnownFileType = sourcecode.c.objc; path = SPTDataLoaderRequestResponseHandlerMock.m; sourceTree = "<group>"; };
		F52804F52730448500F8E48B /* NSURLSessionTaskMock.m */ = {isa = PBXFileReference; lastKnownFileType = sourcecode.c.objc; path = NSURLSessionTaskMock.m; sourceTree = "<group>"; };
		F52804F62730448500F8E48B /* SPTDataLoaderServerTrustPolicyMock.h */ = {isa = PBXFileReference; lastKnownFileType = sourcecode.c.h; path = SPTDataLoaderServerTrustPolicyMock.h; sourceTree = "<group>"; };
		F52804F72730448500F8E48B /* SPTDataLoaderRequestResponseHandlerDelegateMock.m */ = {isa = PBXFileReference; lastKnownFileType = sourcecode.c.objc; path = SPTDataLoaderRequestResponseHandlerDelegateMock.m; sourceTree = "<group>"; };
		F52804F82730448500F8E48B /* SPTDataLoaderCancellationTokenDelegateMock.h */ = {isa = PBXFileReference; lastKnownFileType = sourcecode.c.h; path = SPTDataLoaderCancellationTokenDelegateMock.h; sourceTree = "<group>"; };
		F52804F92730448500F8E48B /* SPTDataLoaderTimeProviderMock.h */ = {isa = PBXFileReference; lastKnownFileType = sourcecode.c.h; path = SPTDataLoaderTimeProviderMock.h; sourceTree = "<group>"; };
		F52804FA2730448500F8E48B /* SPTDataLoaderConsumptionObserverMock.h */ = {isa = PBXFileReference; lastKnownFileType = sourcecode.c.h; path = SPTDataLoaderConsumptionObserverMock.h; sourceTree = "<group>"; };
		F52804FB2730448500F8E48B /* NSURLSessionDataTaskMock.h */ = {isa = PBXFileReference; lastKnownFileType = sourcecode.c.h; path = NSURLSessionDataTaskMock.h; sourceTree = "<group>"; };
		F52804FC2730448500F8E48B /* SPTDataLoaderCancellationTokenFactoryMock.h */ = {isa = PBXFileReference; lastKnownFileType = sourcecode.c.h; path = SPTDataLoaderCancellationTokenFactoryMock.h; sourceTree = "<group>"; };
		F52804FD2730448500F8E48B /* SPTDataLoaderAuthoriserMock.h */ = {isa = PBXFileReference; lastKnownFileType = sourcecode.c.h; path = SPTDataLoaderAuthoriserMock.h; sourceTree = "<group>"; };
		F52804FE2730448500F8E48B /* NSBundleMock.h */ = {isa = PBXFileReference; lastKnownFileType = sourcecode.c.h; path = NSBundleMock.h; sourceTree = "<group>"; };
		F52804FF2730448500F8E48B /* NSDataMock.h */ = {isa = PBXFileReference; lastKnownFileType = sourcecode.c.h; path = NSDataMock.h; sourceTree = "<group>"; };
		F52805002730448500F8E48B /* NSURLAuthenticationChallengeMock.m */ = {isa = PBXFileReference; lastKnownFileType = sourcecode.c.objc; path = NSURLAuthenticationChallengeMock.m; sourceTree = "<group>"; };
		F52805012730448500F8E48B /* NSURLSessionTaskMock.h */ = {isa = PBXFileReference; lastKnownFileType = sourcecode.c.h; path = NSURLSessionTaskMock.h; sourceTree = "<group>"; };
		F52805022730448500F8E48B /* SPTDataLoaderRequestResponseHandlerMock.h */ = {isa = PBXFileReference; lastKnownFileType = sourcecode.c.h; path = SPTDataLoaderRequestResponseHandlerMock.h; sourceTree = "<group>"; };
		F52805032730448500F8E48B /* NSURLSessionDownloadTaskMock.m */ = {isa = PBXFileReference; lastKnownFileType = sourcecode.c.objc; path = NSURLSessionDownloadTaskMock.m; sourceTree = "<group>"; };
		F52805042730448500F8E48B /* NSURLSessionMock.m */ = {isa = PBXFileReference; lastKnownFileType = sourcecode.c.objc; path = NSURLSessionMock.m; sourceTree = "<group>"; };
		F52805052730448500F8E48B /* NSFileManagerMock.m */ = {isa = PBXFileReference; lastKnownFileType = sourcecode.c.objc; path = NSFileManagerMock.m; sourceTree = "<group>"; };
		F52805062730448500F8E48B /* SPTDataLoaderDelegateMock.m */ = {isa = PBXFileReference; lastKnownFileType = sourcecode.c.objc; path = SPTDataLoaderDelegateMock.m; sourceTree = "<group>"; };
		F52805072730448500F8E48B /* SPTDataLoaderServiceSessionSelectorMock.m */ = {isa = PBXFileReference; lastKnownFileType = sourcecode.c.objc; path = SPTDataLoaderServiceSessionSelectorMock.m; sourceTree = "<group>"; };
		F52805082730448500F8E48B /* SPTDataLoaderConsumptionObserverMock.m */ = {isa = PBXFileReference; lastKnownFileType = sourcecode.c.objc; path = SPTDataLoaderConsumptionObserverMock.m; sourceTree = "<group>"; };
		F52805092730448500F8E48B /* SPTDataLoaderTimeProviderMock.m */ = {isa = PBXFileReference; lastKnownFileType = sourcecode.c.objc; path = SPTDataLoaderTimeProviderMock.m; sourceTree = "<group>"; };
		F528050A2730448500F8E48B /* SPTDataLoaderCancellationTokenDelegateMock.m */ = {isa = PBXFileReference; lastKnownFileType = sourcecode.c.objc; path = SPTDataLoaderCancellationTokenDelegateMock.m; sourceTree = "<group>"; };
		F528050B2730448500F8E48B /* SPTDataLoaderRequestResponseHandlerDelegateMock.h */ = {isa = PBXFileReference; lastKnownFileType = sourcecode.c.h; path = SPTDataLoaderRequestResponseHandlerDelegateMock.h; sourceTree = "<group>"; };
		F528050C2730448500F8E48B /* SPTDataLoaderServerTrustPolicyMock.m */ = {isa = PBXFileReference; lastKnownFileType = sourcecode.c.objc; path = SPTDataLoaderServerTrustPolicyMock.m; sourceTree = "<group>"; };
		F528050D2730448500F8E48B /* NSBundleMock.m */ = {isa = PBXFileReference; lastKnownFileType = sourcecode.c.objc; path = NSBundleMock.m; sourceTree = "<group>"; };
		F528050E2730448500F8E48B /* SPTDataLoaderAuthoriserMock.m */ = {isa = PBXFileReference; lastKnownFileType = sourcecode.c.objc; path = SPTDataLoaderAuthoriserMock.m; sourceTree = "<group>"; };
		F528050F2730448500F8E48B /* SPTDataLoaderCancellationTokenFactoryMock.m */ = {isa = PBXFileReference; lastKnownFileType = sourcecode.c.objc; path = SPTDataLoaderCancellationTokenFactoryMock.m; sourceTree = "<group>"; };
		F52805102730448500F8E48B /* NSURLSessionDataTaskMock.m */ = {isa = PBXFileReference; lastKnownFileType = sourcecode.c.objc; path = NSURLSessionDataTaskMock.m; sourceTree = "<group>"; };
		F52805112730448500F8E48B /* SPTDataLoaderResolverTest.m */ = {isa = PBXFileReference; lastKnownFileType = sourcecode.c.objc; path = SPTDataLoaderResolverTest.m; sourceTree = "<group>"; };
		F52805122730448500F8E48B /* SPTDataLoaderCancellationTokenFactoryImplementationTest.m */ = {isa = PBXFileReference; lastKnownFileType = sourcecode.c.objc; path = SPTDataLoaderCancellationTokenFactoryImplementationTest.m; sourceTree = "<group>"; };
		F52805132730448500F8E48B /* SPTDataLoaderExponentialTimerTest.m */ = {isa = PBXFileReference; lastKnownFileType = sourcecode.c.objc; path = SPTDataLoaderExponentialTimerTest.m; sourceTree = "<group>"; };
		F52805142730448500F8E48B /* SPTDataLoaderTest.m */ = {isa = PBXFileReference; lastKnownFileType = sourcecode.c.objc; path = SPTDataLoaderTest.m; sourceTree = "<group>"; };
		F52805152730448500F8E48B /* SPTDataLoaderRateLimiterTest.m */ = {isa = PBXFileReference; lastKnownFileType = sourcecode.c.objc; path = SPTDataLoaderRateLimiterTest.m; sourceTree = "<group>"; };
		F52805162730448500F8E48B /* SPTDataLoaderBlockWrapperTest.m */ = {isa = PBXFileReference; lastKnownFileType = sourcecode.c.objc; path = SPTDataLoaderBlockWrapperTest.m; sourceTree = "<group>"; };
		F52805172730448500F8E48B /* SPTDataLoaderFactoryTest.m */ = {isa = PBXFileReference; lastKnownFileType = sourcecode.c.objc; path = SPTDataLoaderFactoryTest.m; sourceTree = "<group>"; };
		F52805182730448500F8E48B /* Info.plist */ = {isa = PBXFileReference; lastKnownFileType = text.plist.xml; path = Info.plist; sourceTree = "<group>"; };
		F52805192730448500F8E48B /* SPTDataLoaderServerTrustPolicyTest.m */ = {isa = PBXFileReference; lastKnownFileType = sourcecode.c.objc; path = SPTDataLoaderServerTrustPolicyTest.m; sourceTree = "<group>"; };
		F528051A2730448500F8E48B /* SPTDataLoaderCancellationTokenImplementationTest.m */ = {isa = PBXFileReference; lastKnownFileType = sourcecode.c.objc; path = SPTDataLoaderCancellationTokenImplementationTest.m; sourceTree = "<group>"; };
		F528051C2730448500F8E48B /* SPTDataLoaderCancellationTokenImplementation.m */ = {isa = PBXFileReference; lastKnownFileType = sourcecode.c.objc; path = SPTDataLoaderCancellationTokenImplementation.m; sourceTree = "<group>"; };
		F528051D2730448500F8E48B /* SPTDataLoaderImplementation+Private.h */ = {isa = PBXFileReference; lastKnownFileType = sourcecode.c.h; path = "SPTDataLoaderImplementation+Private.h"; sourceTree = "<group>"; };
		F528051E2730448500F8E48B /* SPTDataLoaderFactory.m */ = {isa = PBXFileReference; lastKnownFileType = sourcecode.c.objc; path = SPTDataLoaderFactory.m; sourceTree = "<group>"; };
		F528051F2730448500F8E48B /* SPTDataLoaderResolver.m */ = {isa = PBXFileReference; lastKnownFileType = sourcecode.c.objc; path = SPTDataLoaderResolver.m; sourceTree = "<group>"; };
		F52805202730448500F8E48B /* SPTDataLoaderTimeProvider.h */ = {isa = PBXFileReference; lastKnownFileType = sourcecode.c.h; path = SPTDataLoaderTimeProvider.h; sourceTree = "<group>"; };
		F52805212730448500F8E48B /* SPTDataLoaderRequestTaskHandler.h */ = {isa = PBXFileReference; lastKnownFileType = sourcecode.c.h; path = SPTDataLoaderRequestTaskHandler.h; sourceTree = "<group>"; };
		F52805222730448500F8E48B /* SPTDataLoaderResolverAddress.m */ = {isa = PBXFileReference; lastKnownFileType = sourcecode.c.objc; path = SPTDataLoaderResolverAddress.m; sourceTree = "<group>"; };
		F52805232730448500F8E48B /* SPTDataLoaderRateLimiter+Private.h */ = {isa = PBXFileReference; lastKnownFileType = sourcecode.c.h; path = "SPTDataLoaderRateLimiter+Private.h"; sourceTree = "<group>"; };
		F52805242730448500F8E48B /* SPTDataLoaderRateLimiter.m */ = {isa = PBXFileReference; lastKnownFileType = sourcecode.c.objc; path = SPTDataLoaderRateLimiter.m; sourceTree = "<group>"; };
		F52805252730448500F8E48B /* SPTDataLoaderRequest.m */ = {isa = PBXFileReference; lastKnownFileType = sourcecode.c.objc; path = SPTDataLoaderRequest.m; sourceTree = "<group>"; };
		F52805262730448500F8E48B /* SPTDataLoaderTimeProviderImplementation.m */ = {isa = PBXFileReference; lastKnownFileType = sourcecode.c.objc; path = SPTDataLoaderTimeProviderImplementation.m; sourceTree = "<group>"; };
		F52805272730448500F8E48B /* SPTDataLoaderRequest+Private.h */ = {isa = PBXFileReference; lastKnownFileType = sourcecode.c.h; path = "SPTDataLoaderRequest+Private.h"; sourceTree = "<group>"; };
		F52805282730448500F8E48B /* SPTDataLoaderBlockWrapper.m */ = {isa = PBXFileReference; lastKnownFileType = sourcecode.c.objc; path = SPTDataLoaderBlockWrapper.m; sourceTree = "<group>"; };
		F52805292730448500F8E48B /* NSDictionary+HeaderSize.h */ = {isa = PBXFileReference; lastKnownFileType = sourcecode.c.h; path = "NSDictionary+HeaderSize.h"; sourceTree = "<group>"; };
		F528052A2730448500F8E48B /* SPTDataLoaderCancellationTokenFactoryImplementation.h */ = {isa = PBXFileReference; lastKnownFileType = sourcecode.c.h; path = SPTDataLoaderCancellationTokenFactoryImplementation.h; sourceTree = "<group>"; };
		F528052B2730448500F8E48B /* SPTDataLoaderServiceSessionSelector.h */ = {isa = PBXFileReference; lastKnownFileType = sourcecode.c.h; path = SPTDataLoaderServiceSessionSelector.h; sourceTree = "<group>"; };
		F528052C2730448500F8E48B /* SPTDataLoaderServerTrustPolicy.m */ = {isa = PBXFileReference; lastKnownFileType = sourcecode.c.objc; path = SPTDataLoaderServerTrustPolicy.m; sourceTree = "<group>"; };
		F528052D2730448500F8E48B /* SPTDataLoaderRequestTaskHandler.m */ = {isa = PBXFileReference; lastKnownFileType = sourcecode.c.objc; path = SPTDataLoaderRequestTaskHandler.m; sourceTree = "<group>"; };
		F528052E2730448500F8E48B /* SPTDataLoaderResponse.m */ = {isa = PBXFileReference; lastKnownFileType = sourcecode.c.objc; path = SPTDataLoaderResponse.m; sourceTree = "<group>"; };
		F528052F2730448500F8E48B /* SPTDataLoaderResponse+Private.h */ = {isa = PBXFileReference; lastKnownFileType = sourcecode.c.h; path = "SPTDataLoaderResponse+Private.h"; sourceTree = "<group>"; };
		F52805302730448500F8E48B /* SPTDataLoaderCancellationTokenImplementation.h */ = {isa = PBXFileReference; lastKnownFileType = sourcecode.c.h; path = SPTDataLoaderCancellationTokenImplementation.h; sourceTree = "<group>"; };
		F52805312730448500F8E48B /* SPTDataLoaderExponentialTimer.m */ = {isa = PBXFileReference; lastKnownFileType = sourcecode.c.objc; path = SPTDataLoaderExponentialTimer.m; sourceTree = "<group>"; };
		F52805322730448500F8E48B /* SPTDataLoaderFactory+Private.h */ = {isa = PBXFileReference; lastKnownFileType = sourcecode.c.h; path = "SPTDataLoaderFactory+Private.h"; sourceTree = "<group>"; };
		F52805332730448500F8E48B /* SPTDataLoaderServerTrustPolicy+Private.h */ = {isa = PBXFileReference; lastKnownFileType = sourcecode.c.h; path = "SPTDataLoaderServerTrustPolicy+Private.h"; sourceTree = "<group>"; };
		F52805342730448500F8E48B /* SPTDataLoaderService+Private.h */ = {isa = PBXFileReference; lastKnownFileType = sourcecode.c.h; path = "SPTDataLoaderService+Private.h"; sourceTree = "<group>"; };
		F52805352730448500F8E48B /* SPTDataLoaderResolverAddress.h */ = {isa = PBXFileReference; lastKnownFileType = sourcecode.c.h; path = SPTDataLoaderResolverAddress.h; sourceTree = "<group>"; };
		F52805362730448500F8E48B /* SPTDataLoaderTimeProviderImplementation.h */ = {isa = PBXFileReference; lastKnownFileType = sourcecode.c.h; path = SPTDataLoaderTimeProviderImplementation.h; sourceTree = "<group>"; };
		F52805372730448500F8E48B /* SPTDataLoaderService.m */ = {isa = PBXFileReference; lastKnownFileType = sourcecode.c.objc; path = SPTDataLoaderService.m; sourceTree = "<group>"; };
		F52805382730448500F8E48B /* SPTDataLoader.m */ = {isa = PBXFileReference; lastKnownFileType = sourcecode.c.objc; path = SPTDataLoader.m; sourceTree = "<group>"; };
		F52805392730448500F8E48B /* SPTDataLoaderRequestResponseHandler.h */ = {isa = PBXFileReference; lastKnownFileType = sourcecode.c.h; path = SPTDataLoaderRequestResponseHandler.h; sourceTree = "<group>"; };
		F528053A2730448500F8E48B /* SPTDataLoaderCancellationTokenFactory.h */ = {isa = PBXFileReference; lastKnownFileType = sourcecode.c.h; path = SPTDataLoaderCancellationTokenFactory.h; sourceTree = "<group>"; };
		F528053B2730448500F8E48B /* SPTDataLoaderServiceSessionSelector.m */ = {isa = PBXFileReference; lastKnownFileType = sourcecode.c.objc; path = SPTDataLoaderServiceSessionSelector.m; sourceTree = "<group>"; };
		F528053C2730448500F8E48B /* NSDictionary+HeaderSize.m */ = {isa = PBXFileReference; lastKnownFileType = sourcecode.c.objc; path = "NSDictionary+HeaderSize.m"; sourceTree = "<group>"; };
		F528053D2730448500F8E48B /* SPTDataLoaderCancellationTokenFactoryImplementation.m */ = {isa = PBXFileReference; lastKnownFileType = sourcecode.c.objc; path = SPTDataLoaderCancellationTokenFactoryImplementation.m; sourceTree = "<group>"; };
		F52805412730453C00F8E48B /* SPTDataLoaderFactoryConvenienceTest.swift */ = {isa = PBXFileReference; lastKnownFileType = sourcecode.swift; path = SPTDataLoaderFactoryConvenienceTest.swift; sourceTree = "<group>"; };
		F52805422730453C00F8E48B /* RequestTest.swift */ = {isa = PBXFileReference; lastKnownFileType = sourcecode.swift; path = RequestTest.swift; sourceTree = "<group>"; };
		F52805442730453C00F8E48B /* FakeDataLoaderResponse.swift */ = {isa = PBXFileReference; lastKnownFileType = sourcecode.swift; path = FakeDataLoaderResponse.swift; sourceTree = "<group>"; };
		F52805452730453C00F8E48B /* StubbedNetwork.swift */ = {isa = PBXFileReference; lastKnownFileType = sourcecode.swift; path = StubbedNetwork.swift; sourceTree = "<group>"; };
		F52805462730453C00F8E48B /* DataResponseSerializerTest.swift */ = {isa = PBXFileReference; lastKnownFileType = sourcecode.swift; path = DataResponseSerializerTest.swift; sourceTree = "<group>"; };
		F52805472730453C00F8E48B /* JSONResponseSerializerTest.swift */ = {isa = PBXFileReference; lastKnownFileType = sourcecode.swift; path = JSONResponseSerializerTest.swift; sourceTree = "<group>"; };
		F52805482730453C00F8E48B /* DecodableResponseSerializerTest.swift */ = {isa = PBXFileReference; lastKnownFileType = sourcecode.swift; path = DecodableResponseSerializerTest.swift; sourceTree = "<group>"; };
		F52805492730453C00F8E48B /* ResponseTest.swift */ = {isa = PBXFileReference; lastKnownFileType = sourcecode.swift; path = ResponseTest.swift; sourceTree = "<group>"; };
		F528054A2730453C00F8E48B /* Info.plist */ = {isa = PBXFileReference; lastKnownFileType = text.plist.xml; path = Info.plist; sourceTree = "<group>"; };
		F528054B2730453C00F8E48B /* DataLoaderWrapperTest.swift */ = {isa = PBXFileReference; lastKnownFileType = sourcecode.swift; path = DataLoaderWrapperTest.swift; sourceTree = "<group>"; };
		F528054D2730453C00F8E48B /* SPTDataLoader.swift */ = {isa = PBXFileReference; lastKnownFileType = sourcecode.swift; path = SPTDataLoader.swift; sourceTree = "<group>"; };
		F528054E2730453C00F8E48B /* DataLoaderError.swift */ = {isa = PBXFileReference; lastKnownFileType = sourcecode.swift; path = DataLoaderError.swift; sourceTree = "<group>"; };
		F528054F2730453C00F8E48B /* DataLoaderWrapper.swift */ = {isa = PBXFileReference; lastKnownFileType = sourcecode.swift; path = DataLoaderWrapper.swift; sourceTree = "<group>"; };
		F52805512730453C00F8E48B /* AccessLock.swift */ = {isa = PBXFileReference; lastKnownFileType = sourcecode.swift; path = AccessLock.swift; sourceTree = "<group>"; };
		F52805522730453C00F8E48B /* Result+Convenience.swift */ = {isa = PBXFileReference; lastKnownFileType = sourcecode.swift; path = "Result+Convenience.swift"; sourceTree = "<group>"; };
		F52805532730453C00F8E48B /* Response.swift */ = {isa = PBXFileReference; lastKnownFileType = sourcecode.swift; path = Response.swift; sourceTree = "<group>"; };
		F52805542730453C00F8E48B /* ResponseSerializer.swift */ = {isa = PBXFileReference; lastKnownFileType = sourcecode.swift; path = ResponseSerializer.swift; sourceTree = "<group>"; };
		F52805552730453C00F8E48B /* ResponseDecoder.swift */ = {isa = PBXFileReference; lastKnownFileType = sourcecode.swift; path = ResponseDecoder.swift; sourceTree = "<group>"; };
		F52805562730453C00F8E48B /* Request.swift */ = {isa = PBXFileReference; lastKnownFileType = sourcecode.swift; path = Request.swift; sourceTree = "<group>"; };
		F52805572730453C00F8E48B /* DataLoader.swift */ = {isa = PBXFileReference; lastKnownFileType = sourcecode.swift; path = DataLoader.swift; sourceTree = "<group>"; };
		F5B64096250060D1004B9B83 /* libSPTDataLoaderSwift.a */ = {isa = PBXFileReference; explicitFileType = archive.ar; includeInIndex = 0; path = libSPTDataLoaderSwift.a; sourceTree = BUILT_PRODUCTS_DIR; };
		F5B640A12500633C004B9B83 /* SPTDataLoaderSwiftTests.xctest */ = {isa = PBXFileReference; explicitFileType = wrapper.cfbundle; includeInIndex = 0; path = SPTDataLoaderSwiftTests.xctest; sourceTree = BUILT_PRODUCTS_DIR; };
		F7346A281CC2C67700B8AB41 /* Security.framework */ = {isa = PBXFileReference; lastKnownFileType = wrapper.framework; name = Security.framework; path = System/Library/Frameworks/Security.framework; sourceTree = SDKROOT; };
/* End PBXFileReference section */

/* Begin PBXFrameworksBuildPhase section */
		050E06921A10C62100A10A0E /* Frameworks */ = {
			isa = PBXFrameworksBuildPhase;
			buildActionMask = 2147483647;
			files = (
				050E06961A10C62100A10A0E /* libSPTDataLoader.a in Frameworks */,
				F7346A311CC2CD3F00B8AB41 /* Security.framework in Frameworks */,
			);
			runOnlyForDeploymentPostprocessing = 0;
		};
		F5B6409E2500633C004B9B83 /* Frameworks */ = {
			isa = PBXFrameworksBuildPhase;
			buildActionMask = 2147483647;
			files = (
				F5F63DD925314F57000A07D1 /* libSPTDataLoader.a in Frameworks */,
				F5B640AD250064E4004B9B83 /* libSPTDataLoaderSwift.a in Frameworks */,
			);
			runOnlyForDeploymentPostprocessing = 0;
		};
/* End PBXFrameworksBuildPhase section */

/* Begin PBXGroup section */
		050E06811A10C62100A10A0E = {
			isa = PBXGroup;
			children = (
				F52804CD2730448500F8E48B /* SPTDataLoader */,
				F528053F2730453C00F8E48B /* SPTDataLoaderSwift */,
				056A04BA1A13D29C00FA72AD /* Supporting Files */,
				F7346A2A1CC2C68300B8AB41 /* Frameworks */,
				050E068B1A10C62100A10A0E /* Products */,
				993EF2321A30B1E2001E48D2 /* Build System */,
			);
			sourceTree = "<group>";
		};
		050E068B1A10C62100A10A0E /* Products */ = {
			isa = PBXGroup;
			children = (
				050E068A1A10C62100A10A0E /* libSPTDataLoader.a */,
				050E06951A10C62100A10A0E /* SPTDataLoaderTests.xctest */,
				F5B64096250060D1004B9B83 /* libSPTDataLoaderSwift.a */,
				F5B640A12500633C004B9B83 /* SPTDataLoaderSwiftTests.xctest */,
			);
			name = Products;
			sourceTree = "<group>";
		};
		056A04BA1A13D29C00FA72AD /* Supporting Files */ = {
			isa = PBXGroup;
			children = (
				057AFD5C1C72143F00350C9F /* CHANGELOG.md */,
				056A04BB1A13D2BD00FA72AD /* README.md */,
				057AFD5D1C7222CE00350C9F /* SPTDataLoader.podspec */,
			);
			name = "Supporting Files";
			sourceTree = "<group>";
		};
		993EF2321A30B1E2001E48D2 /* Build System */ = {
			isa = PBXGroup;
			children = (
				05C602FC1CCBBC5E00143BA4 /* spotify_os.xcconfig */,
				050C30F71C56E5830044DFBE /* project.xcconfig */,
			);
			name = "Build System";
			sourceTree = "<group>";
		};
		F52804CD2730448500F8E48B /* SPTDataLoader */ = {
			isa = PBXGroup;
			children = (
				F52804CF2730448500F8E48B /* include */,
				F528051B2730448500F8E48B /* Sources */,
				F52804E12730448500F8E48B /* Tests */,
			);
			path = SPTDataLoader;
			sourceTree = "<group>";
		};
		F52804CF2730448500F8E48B /* include */ = {
			isa = PBXGroup;
			children = (
				F52804D12730448500F8E48B /* SPTDataLoader */,
				F52804D02730448500F8E48B /* module.modulemap */,
			);
			path = include;
			sourceTree = "<group>";
		};
		F52804D12730448500F8E48B /* SPTDataLoader */ = {
			isa = PBXGroup;
			children = (
				F52804D62730448500F8E48B /* SPTDataLoader.h */,
				F52804DD2730448500F8E48B /* SPTDataLoaderAuthoriser.h */,
				F52804E02730448500F8E48B /* SPTDataLoaderBlockWrapper.h */,
				F52804D92730448500F8E48B /* SPTDataLoaderCancellationToken.h */,
				F52804DC2730448500F8E48B /* SPTDataLoaderConsumptionObserver.h */,
				F52804D42730448500F8E48B /* SPTDataLoaderDelegate.h */,
				F52804D52730448500F8E48B /* SPTDataLoaderExponentialTimer.h */,
				F52804DA2730448500F8E48B /* SPTDataLoaderFactory.h */,
				F52804D82730448500F8E48B /* SPTDataLoaderImplementation.h */,
				F52804DF2730448500F8E48B /* SPTDataLoaderRateLimiter.h */,
				F52804DE2730448500F8E48B /* SPTDataLoaderRequest.h */,
				F52804DB2730448500F8E48B /* SPTDataLoaderResolver.h */,
				F52804D22730448500F8E48B /* SPTDataLoaderResponse.h */,
				F52804D32730448500F8E48B /* SPTDataLoaderServerTrustPolicy.h */,
				F52804D72730448500F8E48B /* SPTDataLoaderService.h */,
			);
			path = SPTDataLoader;
			sourceTree = "<group>";
		};
		F52804E12730448500F8E48B /* Tests */ = {
			isa = PBXGroup;
			children = (
				F52804E62730448500F8E48B /* Resources */,
				F52804EC2730448500F8E48B /* Utilities */,
				F52805182730448500F8E48B /* Info.plist */,
				F52804E92730448500F8E48B /* NSDictionaryHeaderSizeTest.m */,
				F52805162730448500F8E48B /* SPTDataLoaderBlockWrapperTest.m */,
				F52805122730448500F8E48B /* SPTDataLoaderCancellationTokenFactoryImplementationTest.m */,
				F528051A2730448500F8E48B /* SPTDataLoaderCancellationTokenImplementationTest.m */,
				F52805132730448500F8E48B /* SPTDataLoaderExponentialTimerTest.m */,
				F52805172730448500F8E48B /* SPTDataLoaderFactoryTest.m */,
				F52805152730448500F8E48B /* SPTDataLoaderRateLimiterTest.m */,
				F52804EB2730448500F8E48B /* SPTDataLoaderRequestTaskHandlerTest.m */,
				F52804EA2730448500F8E48B /* SPTDataLoaderRequestTest.m */,
				F52804E22730448500F8E48B /* SPTDataLoaderResolverAddressTest.m */,
				F52805112730448500F8E48B /* SPTDataLoaderResolverTest.m */,
				F52804E42730448500F8E48B /* SPTDataLoaderResponseTest.m */,
				F52805192730448500F8E48B /* SPTDataLoaderServerTrustPolicyTest.m */,
				F52804E32730448500F8E48B /* SPTDataLoaderServiceTest.m */,
				F52805142730448500F8E48B /* SPTDataLoaderTest.m */,
				F52804E52730448500F8E48B /* SPTDataLoaderTimeProviderImplementationTest.m */,
			);
			path = Tests;
			sourceTree = "<group>";
		};
		F52804E62730448500F8E48B /* Resources */ = {
			isa = PBXGroup;
			children = (
				F52804E72730448500F8E48B /* certs-google.bundle */,
				F52804E82730448500F8E48B /* certs-spotify.bundle */,
			);
			path = Resources;
			sourceTree = "<group>";
		};
		F52804EC2730448500F8E48B /* Utilities */ = {
			isa = PBXGroup;
			children = (
				F52804ED2730448500F8E48B /* NSURLAuthenticationChallengeMock.h */,
				F52804EE2730448500F8E48B /* NSDataMock.m */,
				F52804EF2730448500F8E48B /* SPTDataLoaderServiceSessionSelectorMock.h */,
				F52804F02730448500F8E48B /* SPTDataLoaderDelegateMock.h */,
				F52804F12730448500F8E48B /* NSFileManagerMock.h */,
				F52804F22730448500F8E48B /* NSURLSessionMock.h */,
				F52804F32730448500F8E48B /* NSURLSessionDownloadTaskMock.h */,
				F52804F42730448500F8E48B /* SPTDataLoaderRequestResponseHandlerMock.m */,
				F52804F52730448500F8E48B /* NSURLSessionTaskMock.m */,
				F52804F62730448500F8E48B /* SPTDataLoaderServerTrustPolicyMock.h */,
				F52804F72730448500F8E48B /* SPTDataLoaderRequestResponseHandlerDelegateMock.m */,
				F52804F82730448500F8E48B /* SPTDataLoaderCancellationTokenDelegateMock.h */,
				F52804F92730448500F8E48B /* SPTDataLoaderTimeProviderMock.h */,
				F52804FA2730448500F8E48B /* SPTDataLoaderConsumptionObserverMock.h */,
				F52804FB2730448500F8E48B /* NSURLSessionDataTaskMock.h */,
				F52804FC2730448500F8E48B /* SPTDataLoaderCancellationTokenFactoryMock.h */,
				F52804FD2730448500F8E48B /* SPTDataLoaderAuthoriserMock.h */,
				F52804FE2730448500F8E48B /* NSBundleMock.h */,
				F52804FF2730448500F8E48B /* NSDataMock.h */,
				F52805002730448500F8E48B /* NSURLAuthenticationChallengeMock.m */,
				F52805012730448500F8E48B /* NSURLSessionTaskMock.h */,
				F52805022730448500F8E48B /* SPTDataLoaderRequestResponseHandlerMock.h */,
				F52805032730448500F8E48B /* NSURLSessionDownloadTaskMock.m */,
				F52805042730448500F8E48B /* NSURLSessionMock.m */,
				F52805052730448500F8E48B /* NSFileManagerMock.m */,
				F52805062730448500F8E48B /* SPTDataLoaderDelegateMock.m */,
				F52805072730448500F8E48B /* SPTDataLoaderServiceSessionSelectorMock.m */,
				F52805082730448500F8E48B /* SPTDataLoaderConsumptionObserverMock.m */,
				F52805092730448500F8E48B /* SPTDataLoaderTimeProviderMock.m */,
				F528050A2730448500F8E48B /* SPTDataLoaderCancellationTokenDelegateMock.m */,
				F528050B2730448500F8E48B /* SPTDataLoaderRequestResponseHandlerDelegateMock.h */,
				F528050C2730448500F8E48B /* SPTDataLoaderServerTrustPolicyMock.m */,
				F528050D2730448500F8E48B /* NSBundleMock.m */,
				F528050E2730448500F8E48B /* SPTDataLoaderAuthoriserMock.m */,
				F528050F2730448500F8E48B /* SPTDataLoaderCancellationTokenFactoryMock.m */,
				F52805102730448500F8E48B /* NSURLSessionDataTaskMock.m */,
			);
			path = Utilities;
			sourceTree = "<group>";
		};
		F528051B2730448500F8E48B /* Sources */ = {
			isa = PBXGroup;
			children = (
				F52805292730448500F8E48B /* NSDictionary+HeaderSize.h */,
				F528053C2730448500F8E48B /* NSDictionary+HeaderSize.m */,
				F52805382730448500F8E48B /* SPTDataLoader.m */,
				F52805282730448500F8E48B /* SPTDataLoaderBlockWrapper.m */,
				F528053A2730448500F8E48B /* SPTDataLoaderCancellationTokenFactory.h */,
				F528052A2730448500F8E48B /* SPTDataLoaderCancellationTokenFactoryImplementation.h */,
				F528053D2730448500F8E48B /* SPTDataLoaderCancellationTokenFactoryImplementation.m */,
				F52805302730448500F8E48B /* SPTDataLoaderCancellationTokenImplementation.h */,
				F528051C2730448500F8E48B /* SPTDataLoaderCancellationTokenImplementation.m */,
				F52805312730448500F8E48B /* SPTDataLoaderExponentialTimer.m */,
				F528051E2730448500F8E48B /* SPTDataLoaderFactory.m */,
				F52805322730448500F8E48B /* SPTDataLoaderFactory+Private.h */,
				F528051D2730448500F8E48B /* SPTDataLoaderImplementation+Private.h */,
				F52805242730448500F8E48B /* SPTDataLoaderRateLimiter.m */,
				F52805232730448500F8E48B /* SPTDataLoaderRateLimiter+Private.h */,
				F52805252730448500F8E48B /* SPTDataLoaderRequest.m */,
				F52805272730448500F8E48B /* SPTDataLoaderRequest+Private.h */,
				F52805392730448500F8E48B /* SPTDataLoaderRequestResponseHandler.h */,
				F52805212730448500F8E48B /* SPTDataLoaderRequestTaskHandler.h */,
				F528052D2730448500F8E48B /* SPTDataLoaderRequestTaskHandler.m */,
				F528051F2730448500F8E48B /* SPTDataLoaderResolver.m */,
				F52805352730448500F8E48B /* SPTDataLoaderResolverAddress.h */,
				F52805222730448500F8E48B /* SPTDataLoaderResolverAddress.m */,
				F528052E2730448500F8E48B /* SPTDataLoaderResponse.m */,
				F528052F2730448500F8E48B /* SPTDataLoaderResponse+Private.h */,
				F528052C2730448500F8E48B /* SPTDataLoaderServerTrustPolicy.m */,
				F52805332730448500F8E48B /* SPTDataLoaderServerTrustPolicy+Private.h */,
				F52805372730448500F8E48B /* SPTDataLoaderService.m */,
				F52805342730448500F8E48B /* SPTDataLoaderService+Private.h */,
				F528052B2730448500F8E48B /* SPTDataLoaderServiceSessionSelector.h */,
				F528053B2730448500F8E48B /* SPTDataLoaderServiceSessionSelector.m */,
				F52805202730448500F8E48B /* SPTDataLoaderTimeProvider.h */,
				F52805362730448500F8E48B /* SPTDataLoaderTimeProviderImplementation.h */,
				F52805262730448500F8E48B /* SPTDataLoaderTimeProviderImplementation.m */,
			);
			path = Sources;
			sourceTree = "<group>";
		};
		F528053F2730453C00F8E48B /* SPTDataLoaderSwift */ = {
			isa = PBXGroup;
			children = (
				F528054C2730453C00F8E48B /* Sources */,
				F52805402730453C00F8E48B /* Tests */,
			);
			path = SPTDataLoaderSwift;
			sourceTree = "<group>";
		};
		F52805402730453C00F8E48B /* Tests */ = {
			isa = PBXGroup;
			children = (
				F52805432730453C00F8E48B /* Utilities */,
				F528054B2730453C00F8E48B /* DataLoaderWrapperTest.swift */,
				F52805462730453C00F8E48B /* DataResponseSerializerTest.swift */,
				F52805482730453C00F8E48B /* DecodableResponseSerializerTest.swift */,
				F528054A2730453C00F8E48B /* Info.plist */,
				F52805472730453C00F8E48B /* JSONResponseSerializerTest.swift */,
				F52805422730453C00F8E48B /* RequestTest.swift */,
				F52805492730453C00F8E48B /* ResponseTest.swift */,
				F52805412730453C00F8E48B /* SPTDataLoaderFactoryConvenienceTest.swift */,
			);
			path = Tests;
			sourceTree = "<group>";
		};
		F52805432730453C00F8E48B /* Utilities */ = {
			isa = PBXGroup;
			children = (
				F52805442730453C00F8E48B /* FakeDataLoaderResponse.swift */,
				F52805452730453C00F8E48B /* StubbedNetwork.swift */,
			);
			path = Utilities;
			sourceTree = "<group>";
		};
		F528054C2730453C00F8E48B /* Sources */ = {
			isa = PBXGroup;
			children = (
				F52805502730453C00F8E48B /* Utilities */,
				F52805572730453C00F8E48B /* DataLoader.swift */,
				F528054E2730453C00F8E48B /* DataLoaderError.swift */,
				F528054F2730453C00F8E48B /* DataLoaderWrapper.swift */,
				F52805562730453C00F8E48B /* Request.swift */,
				F52805532730453C00F8E48B /* Response.swift */,
				F52805552730453C00F8E48B /* ResponseDecoder.swift */,
				F52805542730453C00F8E48B /* ResponseSerializer.swift */,
				F528054D2730453C00F8E48B /* SPTDataLoader.swift */,
			);
			path = Sources;
			sourceTree = "<group>";
		};
		F52805502730453C00F8E48B /* Utilities */ = {
			isa = PBXGroup;
			children = (
				F52805512730453C00F8E48B /* AccessLock.swift */,
				F52805522730453C00F8E48B /* Result+Convenience.swift */,
			);
			path = Utilities;
			sourceTree = "<group>";
		};
		F7346A2A1CC2C68300B8AB41 /* Frameworks */ = {
			isa = PBXGroup;
			children = (
				F7346A281CC2C67700B8AB41 /* Security.framework */,
			);
			name = Frameworks;
			sourceTree = "<group>";
		};
/* End PBXGroup section */

/* Begin PBXNativeTarget section */
		050E06891A10C62100A10A0E /* SPTDataLoader */ = {
			isa = PBXNativeTarget;
			buildConfigurationList = 050E069E1A10C62100A10A0E /* Build configuration list for PBXNativeTarget "SPTDataLoader" */;
			buildPhases = (
				050E06861A10C62100A10A0E /* Sources */,
				F52805A2273064B400F8E48B /* CopyFiles */,
				F52805C42730687800F8E48B /* CopyFiles */,
			);
			buildRules = (
			);
			dependencies = (
			);
			name = SPTDataLoader;
			productName = SPTDataLoader;
			productReference = 050E068A1A10C62100A10A0E /* libSPTDataLoader.a */;
			productType = "com.apple.product-type.library.static";
		};
		050E06941A10C62100A10A0E /* SPTDataLoaderTests */ = {
			isa = PBXNativeTarget;
			buildConfigurationList = 050E06A11A10C62100A10A0E /* Build configuration list for PBXNativeTarget "SPTDataLoaderTests" */;
			buildPhases = (
				050E06911A10C62100A10A0E /* Sources */,
				050E06921A10C62100A10A0E /* Frameworks */,
				050E06931A10C62100A10A0E /* Resources */,
			);
			buildRules = (
			);
			dependencies = (
				050E06981A10C62100A10A0E /* PBXTargetDependency */,
			);
			name = SPTDataLoaderTests;
			productName = SPTDataLoaderTests;
			productReference = 050E06951A10C62100A10A0E /* SPTDataLoaderTests.xctest */;
			productType = "com.apple.product-type.bundle.unit-test";
		};
		F5B64095250060D1004B9B83 /* SPTDataLoaderSwift */ = {
			isa = PBXNativeTarget;
			buildConfigurationList = F5B6409C250060D1004B9B83 /* Build configuration list for PBXNativeTarget "SPTDataLoaderSwift" */;
			buildPhases = (
				F5B64092250060D1004B9B83 /* Sources */,
			);
			buildRules = (
			);
			dependencies = (
				F5B640AA2500639A004B9B83 /* PBXTargetDependency */,
			);
			name = SPTDataLoaderSwift;
			productName = SPTDataLoaderSwift;
			productReference = F5B64096250060D1004B9B83 /* libSPTDataLoaderSwift.a */;
			productType = "com.apple.product-type.library.static";
		};
		F5B640A02500633C004B9B83 /* SPTDataLoaderSwiftTests */ = {
			isa = PBXNativeTarget;
			buildConfigurationList = F5B640A62500633C004B9B83 /* Build configuration list for PBXNativeTarget "SPTDataLoaderSwiftTests" */;
			buildPhases = (
				F5B6409D2500633C004B9B83 /* Sources */,
				F5B6409E2500633C004B9B83 /* Frameworks */,
			);
			buildRules = (
			);
			dependencies = (
				F5F63DD825314F54000A07D1 /* PBXTargetDependency */,
				F5B640AC250064CE004B9B83 /* PBXTargetDependency */,
			);
			name = SPTDataLoaderSwiftTests;
			productName = SPTDataLoaderSwiftTests;
			productReference = F5B640A12500633C004B9B83 /* SPTDataLoaderSwiftTests.xctest */;
			productType = "com.apple.product-type.bundle.unit-test";
		};
/* End PBXNativeTarget section */

/* Begin PBXProject section */
		050E06821A10C62100A10A0E /* Project object */ = {
			isa = PBXProject;
			attributes = {
				LastUpgradeCheck = 1130;
				ORGANIZATIONNAME = Spotify;
				TargetAttributes = {
					050E06891A10C62100A10A0E = {
						CreatedOnToolsVersion = 6.1;
					};
					050E06941A10C62100A10A0E = {
						CreatedOnToolsVersion = 6.1;
					};
					F5B64095250060D1004B9B83 = {
						CreatedOnToolsVersion = 12.0;
						LastSwiftMigration = 1200;
					};
					F5B640A02500633C004B9B83 = {
						CreatedOnToolsVersion = 12.0;
						LastSwiftMigration = 1200;
					};
				};
			};
			buildConfigurationList = 050E06851A10C62100A10A0E /* Build configuration list for PBXProject "SPTDataLoader" */;
			compatibilityVersion = "Xcode 3.2";
			developmentRegion = en;
			hasScannedForEncodings = 0;
			knownRegions = (
				en,
				Base,
			);
			mainGroup = 050E06811A10C62100A10A0E;
			productRefGroup = 050E068B1A10C62100A10A0E /* Products */;
			projectDirPath = "";
			projectRoot = "";
			targets = (
				050E06891A10C62100A10A0E /* SPTDataLoader */,
				050E06941A10C62100A10A0E /* SPTDataLoaderTests */,
				F5B64095250060D1004B9B83 /* SPTDataLoaderSwift */,
				F5B640A02500633C004B9B83 /* SPTDataLoaderSwiftTests */,
			);
		};
/* End PBXProject section */

/* Begin PBXResourcesBuildPhase section */
		050E06931A10C62100A10A0E /* Resources */ = {
			isa = PBXResourcesBuildPhase;
			buildActionMask = 2147483647;
			files = (
				F528059F273058AB00F8E48B /* certs-google.bundle in Resources */,
				F52805A0273058AB00F8E48B /* certs-spotify.bundle in Resources */,
			);
			runOnlyForDeploymentPostprocessing = 0;
		};
/* End PBXResourcesBuildPhase section */

/* Begin PBXSourcesBuildPhase section */
		050E06861A10C62100A10A0E /* Sources */ = {
			isa = PBXSourcesBuildPhase;
			buildActionMask = 2147483647;
			files = (
				F528056B27304E8C00F8E48B /* NSDictionary+HeaderSize.m in Sources */,
				F528056C27304E8C00F8E48B /* SPTDataLoader.m in Sources */,
				F528056D27304E8C00F8E48B /* SPTDataLoaderBlockWrapper.m in Sources */,
				F528056E27304E8C00F8E48B /* SPTDataLoaderCancellationTokenFactoryImplementation.m in Sources */,
				F528056F27304E8C00F8E48B /* SPTDataLoaderCancellationTokenImplementation.m in Sources */,
				F528057027304E8C00F8E48B /* SPTDataLoaderExponentialTimer.m in Sources */,
				F528057127304E8C00F8E48B /* SPTDataLoaderFactory.m in Sources */,
				F528057227304E8C00F8E48B /* SPTDataLoaderRateLimiter.m in Sources */,
				F528057327304E8C00F8E48B /* SPTDataLoaderRequest.m in Sources */,
				F528057427304E8C00F8E48B /* SPTDataLoaderRequestTaskHandler.m in Sources */,
				F528057527304E8C00F8E48B /* SPTDataLoaderResolver.m in Sources */,
				F528057627304E8C00F8E48B /* SPTDataLoaderResolverAddress.m in Sources */,
				F528057727304E8C00F8E48B /* SPTDataLoaderResponse.m in Sources */,
				F528057827304E8C00F8E48B /* SPTDataLoaderServerTrustPolicy.m in Sources */,
				F528057927304E8C00F8E48B /* SPTDataLoaderService.m in Sources */,
				F528057A27304E8C00F8E48B /* SPTDataLoaderServiceSessionSelector.m in Sources */,
				F528057B27304E8C00F8E48B /* SPTDataLoaderTimeProviderImplementation.m in Sources */,
			);
			runOnlyForDeploymentPostprocessing = 0;
		};
		050E06911A10C62100A10A0E /* Sources */ = {
			isa = PBXSourcesBuildPhase;
			buildActionMask = 2147483647;
			files = (
				F528058A2730573B00F8E48B /* NSBundleMock.m in Sources */,
				F528057C2730573B00F8E48B /* NSDataMock.m in Sources */,
				F52805832730573B00F8E48B /* NSFileManagerMock.m in Sources */,
				F52805802730573B00F8E48B /* NSURLAuthenticationChallengeMock.m in Sources */,
				F52805822730573B00F8E48B /* NSURLSessionMock.m in Sources */,
				F528058D2730573B00F8E48B /* NSURLSessionDataTaskMock.m in Sources */,
				F52805812730573B00F8E48B /* NSURLSessionDownloadTaskMock.m in Sources */,
				F528057E2730573B00F8E48B /* NSURLSessionTaskMock.m in Sources */,
				F528058B2730573B00F8E48B /* SPTDataLoaderAuthoriserMock.m in Sources */,
				F52805882730573B00F8E48B /* SPTDataLoaderCancellationTokenDelegateMock.m in Sources */,
				F528058C2730573B00F8E48B /* SPTDataLoaderCancellationTokenFactoryMock.m in Sources */,
				F52805862730573B00F8E48B /* SPTDataLoaderConsumptionObserverMock.m in Sources */,
				F52805842730573B00F8E48B /* SPTDataLoaderDelegateMock.m in Sources */,
				F528057D2730573B00F8E48B /* SPTDataLoaderRequestResponseHandlerMock.m in Sources */,
				F528057F2730573B00F8E48B /* SPTDataLoaderRequestResponseHandlerDelegateMock.m in Sources */,
				F52805892730573B00F8E48B /* SPTDataLoaderServerTrustPolicyMock.m in Sources */,
				F52805852730573B00F8E48B /* SPTDataLoaderServiceSessionSelectorMock.m in Sources */,
				F52805872730573B00F8E48B /* SPTDataLoaderTimeProviderMock.m in Sources */,
				F528058E2730573B00F8E48B /* NSDictionaryHeaderSizeTest.m in Sources */,
				F528058F2730573B00F8E48B /* SPTDataLoaderBlockWrapperTest.m in Sources */,
				F52805902730573B00F8E48B /* SPTDataLoaderCancellationTokenFactoryImplementationTest.m in Sources */,
				F52805912730573B00F8E48B /* SPTDataLoaderCancellationTokenImplementationTest.m in Sources */,
				F52805922730573B00F8E48B /* SPTDataLoaderExponentialTimerTest.m in Sources */,
				F52805932730573B00F8E48B /* SPTDataLoaderFactoryTest.m in Sources */,
				F52805942730573B00F8E48B /* SPTDataLoaderRateLimiterTest.m in Sources */,
				F52805952730573B00F8E48B /* SPTDataLoaderRequestTaskHandlerTest.m in Sources */,
				F52805962730573B00F8E48B /* SPTDataLoaderRequestTest.m in Sources */,
				F52805972730573B00F8E48B /* SPTDataLoaderResolverAddressTest.m in Sources */,
				F52805982730573B00F8E48B /* SPTDataLoaderResolverTest.m in Sources */,
				F52805992730573B00F8E48B /* SPTDataLoaderResponseTest.m in Sources */,
				F528059A2730573B00F8E48B /* SPTDataLoaderServerTrustPolicyTest.m in Sources */,
				F528059B2730573B00F8E48B /* SPTDataLoaderServiceTest.m in Sources */,
				F528059C2730573B00F8E48B /* SPTDataLoaderTest.m in Sources */,
				F528059D2730573B00F8E48B /* SPTDataLoaderTimeProviderImplementationTest.m in Sources */,
			);
			runOnlyForDeploymentPostprocessing = 0;
		};
		F5B64092250060D1004B9B83 /* Sources */ = {
			isa = PBXSourcesBuildPhase;
			buildActionMask = 2147483647;
			files = (
				F52805612730457500F8E48B /* AccessLock.swift in Sources */,
				F528055B2730457100F8E48B /* DataLoader.swift in Sources */,
				F528055C2730457100F8E48B /* DataLoaderError.swift in Sources */,
				F528055A2730457100F8E48B /* DataLoaderWrapper.swift in Sources */,
				F528055E2730457100F8E48B /* Request.swift in Sources */,
				F528055F2730457100F8E48B /* Response.swift in Sources */,
				F528055D2730457100F8E48B /* ResponseDecoder.swift in Sources */,
				F52805592730457100F8E48B /* ResponseSerializer.swift in Sources */,
				F52805602730457500F8E48B /* Result+Convenience.swift in Sources */,
				F52805582730457100F8E48B /* SPTDataLoader.swift in Sources */,
			);
			runOnlyForDeploymentPostprocessing = 0;
		};
		F5B6409D2500633C004B9B83 /* Sources */ = {
			isa = PBXSourcesBuildPhase;
			buildActionMask = 2147483647;
			files = (
				F52805642730457F00F8E48B /* DataLoaderWrapperTest.swift in Sources */,
				F52805652730457F00F8E48B /* DataResponseSerializerTest.swift in Sources */,
				F52805662730457F00F8E48B /* DecodableResponseSerializerTest.swift in Sources */,
				F52805632730457C00F8E48B /* FakeDataLoaderResponse.swift in Sources */,
				F528056A2730458600F8E48B /* JSONResponseSerializerTest.swift in Sources */,
				F52805672730458600F8E48B /* RequestTest.swift in Sources */,
				F52805682730458600F8E48B /* ResponseTest.swift in Sources */,
				F52805692730458600F8E48B /* SPTDataLoaderFactoryConvenienceTest.swift in Sources */,
				F52805622730457C00F8E48B /* StubbedNetwork.swift in Sources */,
			);
			runOnlyForDeploymentPostprocessing = 0;
		};
/* End PBXSourcesBuildPhase section */

/* Begin PBXTargetDependency section */
		050E06981A10C62100A10A0E /* PBXTargetDependency */ = {
			isa = PBXTargetDependency;
			target = 050E06891A10C62100A10A0E /* SPTDataLoader */;
			targetProxy = 050E06971A10C62100A10A0E /* PBXContainerItemProxy */;
		};
		F5B640AA2500639A004B9B83 /* PBXTargetDependency */ = {
			isa = PBXTargetDependency;
			target = 050E06891A10C62100A10A0E /* SPTDataLoader */;
			targetProxy = F5B640A92500639A004B9B83 /* PBXContainerItemProxy */;
		};
		F5B640AC250064CE004B9B83 /* PBXTargetDependency */ = {
			isa = PBXTargetDependency;
			target = F5B64095250060D1004B9B83 /* SPTDataLoaderSwift */;
			targetProxy = F5B640AB250064CE004B9B83 /* PBXContainerItemProxy */;
		};
		F5F63DD825314F54000A07D1 /* PBXTargetDependency */ = {
			isa = PBXTargetDependency;
			target = 050E06891A10C62100A10A0E /* SPTDataLoader */;
			targetProxy = F5F63DD725314F54000A07D1 /* PBXContainerItemProxy */;
		};
/* End PBXTargetDependency section */

/* Begin XCBuildConfiguration section */
		050E069C1A10C62100A10A0E /* Debug */ = {
			isa = XCBuildConfiguration;
			baseConfigurationReference = 050C30F71C56E5830044DFBE /* project.xcconfig */;
			buildSettings = {
				ONLY_ACTIVE_ARCH = YES;
			};
			name = Debug;
		};
		050E069D1A10C62100A10A0E /* Release */ = {
			isa = XCBuildConfiguration;
			baseConfigurationReference = 050C30F71C56E5830044DFBE /* project.xcconfig */;
			buildSettings = {
				VALIDATE_PRODUCT = YES;
			};
			name = Release;
		};
		050E069F1A10C62100A10A0E /* Debug */ = {
			isa = XCBuildConfiguration;
			buildSettings = {
				HEADER_SEARCH_PATHS = "$(SRCROOT)/SPTDataLoader/include";
				PRODUCT_NAME = "$(TARGET_NAME)";
			};
			name = Debug;
		};
		050E06A01A10C62100A10A0E /* Release */ = {
			isa = XCBuildConfiguration;
			buildSettings = {
				HEADER_SEARCH_PATHS = "$(SRCROOT)/SPTDataLoader/include";
				PRODUCT_NAME = "$(TARGET_NAME)";
			};
			name = Release;
		};
		050E06A21A10C62100A10A0E /* Debug */ = {
			isa = XCBuildConfiguration;
			buildSettings = {
				INFOPLIST_FILE = "$(SRCROOT)/SPTDataLoader/Tests/Info.plist";
				PRODUCT_BUNDLE_IDENTIFIER = "com.spotify.$(PRODUCT_NAME:rfc1034identifier)";
				PRODUCT_NAME = "$(TARGET_NAME)";
				WARNING_CFLAGS = (
					"$(inherited)",
					"-Wno-partial-availability",
				);
			};
			name = Debug;
		};
		050E06A31A10C62100A10A0E /* Release */ = {
			isa = XCBuildConfiguration;
			buildSettings = {
				INFOPLIST_FILE = "$(SRCROOT)/SPTDataLoader/Tests/Info.plist";
				PRODUCT_BUNDLE_IDENTIFIER = "com.spotify.$(PRODUCT_NAME:rfc1034identifier)";
				PRODUCT_NAME = "$(TARGET_NAME)";
				WARNING_CFLAGS = (
					"$(inherited)",
					"-Wno-partial-availability",
				);
			};
			name = Release;
		};
		F5B6409A250060D1004B9B83 /* Debug */ = {
			isa = XCBuildConfiguration;
			buildSettings = {
				DEFINES_MODULE = YES;
				PRODUCT_NAME = "$(TARGET_NAME)";
			};
			name = Debug;
		};
		F5B6409B250060D1004B9B83 /* Release */ = {
			isa = XCBuildConfiguration;
			buildSettings = {
				DEFINES_MODULE = YES;
				PRODUCT_NAME = "$(TARGET_NAME)";
			};
			name = Release;
		};
		F5B640A72500633C004B9B83 /* Debug */ = {
			isa = XCBuildConfiguration;
			buildSettings = {
				INFOPLIST_FILE = "$(SRCROOT)/SPTDataLoaderSwift/Tests/Info.plist";
				PRODUCT_BUNDLE_IDENTIFIER = "com.spotify.$(PRODUCT_NAME:rfc1034identifier)";
				PRODUCT_NAME = "$(TARGET_NAME)";
			};
			name = Debug;
		};
		F5B640A82500633C004B9B83 /* Release */ = {
			isa = XCBuildConfiguration;
			buildSettings = {
				INFOPLIST_FILE = "$(SRCROOT)/SPTDataLoaderSwift/Tests/Info.plist";
				PRODUCT_BUNDLE_IDENTIFIER = "com.spotify.$(PRODUCT_NAME:rfc1034identifier)";
				PRODUCT_NAME = "$(TARGET_NAME)";
			};
			name = Release;
		};
/* End XCBuildConfiguration section */

/* Begin XCConfigurationList section */
		050E06851A10C62100A10A0E /* Build configuration list for PBXProject "SPTDataLoader" */ = {
			isa = XCConfigurationList;
			buildConfigurations = (
				050E069C1A10C62100A10A0E /* Debug */,
				050E069D1A10C62100A10A0E /* Release */,
			);
			defaultConfigurationIsVisible = 0;
			defaultConfigurationName = Release;
		};
		050E069E1A10C62100A10A0E /* Build configuration list for PBXNativeTarget "SPTDataLoader" */ = {
			isa = XCConfigurationList;
			buildConfigurations = (
				050E069F1A10C62100A10A0E /* Debug */,
				050E06A01A10C62100A10A0E /* Release */,
			);
			defaultConfigurationIsVisible = 0;
			defaultConfigurationName = Release;
		};
		050E06A11A10C62100A10A0E /* Build configuration list for PBXNativeTarget "SPTDataLoaderTests" */ = {
			isa = XCConfigurationList;
			buildConfigurations = (
				050E06A21A10C62100A10A0E /* Debug */,
				050E06A31A10C62100A10A0E /* Release */,
			);
			defaultConfigurationIsVisible = 0;
			defaultConfigurationName = Release;
		};
		F5B6409C250060D1004B9B83 /* Build configuration list for PBXNativeTarget "SPTDataLoaderSwift" */ = {
			isa = XCConfigurationList;
			buildConfigurations = (
				F5B6409A250060D1004B9B83 /* Debug */,
				F5B6409B250060D1004B9B83 /* Release */,
			);
			defaultConfigurationIsVisible = 0;
			defaultConfigurationName = Release;
		};
		F5B640A62500633C004B9B83 /* Build configuration list for PBXNativeTarget "SPTDataLoaderSwiftTests" */ = {
			isa = XCConfigurationList;
			buildConfigurations = (
				F5B640A72500633C004B9B83 /* Debug */,
				F5B640A82500633C004B9B83 /* Release */,
			);
			defaultConfigurationIsVisible = 0;
			defaultConfigurationName = Release;
		};
/* End XCConfigurationList section */
	};
	rootObject = 050E06821A10C62100A10A0E /* Project object */;
}
